// !$*UTF8*$!
{
	archiveVersion = 1;
	classes = {
	};
	objectVersion = 46;
	objects = {

/* Begin PBXBuildFile section */
		00146A7FCC7E4E6B88AF3709 /* CDVAssetLibraryFilesystem.m in Sources */ = {isa = PBXBuildFile; fileRef = 3BABBA63168C41F1824EA83C /* CDVAssetLibraryFilesystem.m */; };
		0207DA581B56EA530066E2B4 /* Images.xcassets in Resources */ = {isa = PBXBuildFile; fileRef = 0207DA571B56EA530066E2B4 /* Images.xcassets */; };
		025EDC3DB9E9419EA64E1901 /* zutil.c in Sources */ = {isa = PBXBuildFile; fileRef = B8722CD9031C4DC198BDB070 /* zutil.c */; };
		043BE37C603A48C693898783 /* inftrees.c in Sources */ = {isa = PBXBuildFile; fileRef = 65EA20A7C2854D909B982D0A /* inftrees.c */; };
		0A6886A931DE4FDCA6FB7A06 /* gzread.c in Sources */ = {isa = PBXBuildFile; fileRef = CD91E2C448E345E0BDF99E46 /* gzread.c */; };
		0D25AFC2F1384DAB82E41B5C /* GCDWebServerRequest.m in Sources */ = {isa = PBXBuildFile; fileRef = FDA4213DC8A1441EAEBA82B6 /* GCDWebServerRequest.m */; };
		0D3F9296474C4C3887F3DCBA /* Download.m in Sources */ = {isa = PBXBuildFile; fileRef = DB6CB1786FC44CB7A5E0B4D0 /* Download.m */; };
		0D4E857364BB4AD0A02B6FD1 /* UNIHTTPRequestWithBody.m in Sources */ = {isa = PBXBuildFile; fileRef = 45F56BACC3DD4A1FB8119887 /* UNIHTTPRequestWithBody.m */; };
		13C9EA9C225A47AFAD6165F7 /* CordovaHttpPlugin.m in Sources */ = {isa = PBXBuildFile; fileRef = AEA4D471D2DE479590E4D7C9 /* CordovaHttpPlugin.m */; };
		14127AE3AA034E0CBF31682D /* ioapi.c in Sources */ = {isa = PBXBuildFile; fileRef = 08EB147BD38242CAAD2DEBF1 /* ioapi.c */; };
		17F34CB1C7964D1CA16C00FA /* UNIHTTPRequest.m in Sources */ = {isa = PBXBuildFile; fileRef = 2436DB1F0E5541EB8DA96EE8 /* UNIHTTPRequest.m */; };
		192E19ABF8224B7C80A06FDF /* unzip.c in Sources */ = {isa = PBXBuildFile; fileRef = 405CCDD395474682BA90E3B1 /* unzip.c */; };
		1D3623260D0F684500981E51 /* AppDelegate.m in Sources */ = {isa = PBXBuildFile; fileRef = 1D3623250D0F684500981E51 /* AppDelegate.m */; };
		1D60589B0D05DD56006BFB54 /* main.m in Sources */ = {isa = PBXBuildFile; fileRef = 29B97316FDCFA39411CA2CEA /* main.m */; };
		1F40FA3D372648E5B5E09353 /* CDVCamera.m in Sources */ = {isa = PBXBuildFile; fileRef = 4F9612DA865C41798FF74F69 /* CDVCamera.m */; };
		20F36AF91CAB43929DE22CE2 /* TextResponseSerializer.m in Sources */ = {isa = PBXBuildFile; fileRef = 5D72190E6C5E4D70B945BE73 /* TextResponseSerializer.m */; };
		24D972125E284AC789AF79B9 /* scannerOverlay.xib in Resources */ = {isa = PBXBuildFile; fileRef = 13525DB73BDF4199BF201998 /* scannerOverlay.xib */; };
		27B83807784C4259ABDA24CC /* CDVSplashScreen.m in Sources */ = {isa = PBXBuildFile; fileRef = E96AAE5FFE7A4B48AC22C5F9 /* CDVSplashScreen.m */; };
		2B4B1B51C65C478EA5F38C59 /* UNIHTTPResponse.m in Sources */ = {isa = PBXBuildFile; fileRef = AA57E38FCD0F473FA5AF67F5 /* UNIHTTPResponse.m */; };
		2B7A2A18207149548D5AD8C1 /* adler32.c in Sources */ = {isa = PBXBuildFile; fileRef = 87C671DC418B4E0C90EC0772 /* adler32.c */; };
		2C121D790E354967AFD901BE /* trees.c in Sources */ = {isa = PBXBuildFile; fileRef = C6FD4E715B0743D6801D3C18 /* trees.c */; };
		2DDEF4295C2F484C9A5CAD90 /* CoreTelephony.framework in Frameworks */ = {isa = PBXBuildFile; fileRef = 90D9AACADF6F4351A8AD7270 /* CoreTelephony.framework */; settings = {ATTRIBUTES = (Weak, ); }; };
		301BF552109A68D80062928A /* libCordova.a in Frameworks */ = {isa = PBXBuildFile; fileRef = 301BF535109A57CC0062928A /* libCordova.a */; };
		302D95F114D2391D003F00A1 /* MainViewController.m in Sources */ = {isa = PBXBuildFile; fileRef = 302D95EF14D2391D003F00A1 /* MainViewController.m */; };
		302D95F214D2391D003F00A1 /* MainViewController.xib in Resources */ = {isa = PBXBuildFile; fileRef = 302D95F014D2391D003F00A1 /* MainViewController.xib */; };
		331760A2DCAA4C0193F60BCA /* SSZipArchive.m in Sources */ = {isa = PBXBuildFile; fileRef = 68ACCCA0C27D45AABA1ECF7C /* SSZipArchive.m */; };
		3AEB43A04FB94D389D9FBFF9 /* UNIRest.m in Sources */ = {isa = PBXBuildFile; fileRef = 2983634EC3B441A9A9A2F27D /* UNIRest.m */; };
		3CA8C79E1582421BB408D9FD /* CDVFile.m in Sources */ = {isa = PBXBuildFile; fileRef = FEA19BBD5B4D42EB9DCC4886 /* CDVFile.m */; };
		440CFF3DC1EA47E6AF16B369 /* CDVIonicKeyboard.m in Sources */ = {isa = PBXBuildFile; fileRef = F656FCFCC7464770952D254F /* CDVIonicKeyboard.m */; };
		49E441E9EC404DC58C93BC20 /* CDVBarcodeScanner.mm in Sources */ = {isa = PBXBuildFile; fileRef = D58C6271EBD64A8EBC6A5EF8 /* CDVBarcodeScanner.mm */; };
		4DF092ABEF114A299B95FDDD /* GCDWebServerFunctions.m in Sources */ = {isa = PBXBuildFile; fileRef = FA22812A29684E4AA309FF53 /* GCDWebServerFunctions.m */; };
		4E7977C5168341FD9CE5C41E /* UIKit.framework in Frameworks */ = {isa = PBXBuildFile; fileRef = 6CA119BCD2D640CFB4A4AC49 /* UIKit.framework */; settings = {ATTRIBUTES = (Weak, ); }; };
		542E84DA06BA4B98BC32D864 /* crc32.c in Sources */ = {isa = PBXBuildFile; fileRef = 1C129F2F8DA444EB816C4242 /* crc32.c */; };
		551AFC2CEBE14720A0B73540 /* alipay.m in Sources */ = {isa = PBXBuildFile; fileRef = 61E1C0B85B234D9B830983DF /* alipay.m */; };
		5630F046C40E42C3B5294B29 /* GCDWebServer.m in Sources */ = {isa = PBXBuildFile; fileRef = DBD7C1CAAD7B4CD79C1AB41C /* GCDWebServer.m */; };
		5766318699E846DCA4A051C9 /* GCDWebServerURLEncodedFormRequest.m in Sources */ = {isa = PBXBuildFile; fileRef = FB8851BE277A484E89502AAC /* GCDWebServerURLEncodedFormRequest.m */; };
		59F266FCC8D246D9BDC5536D /* CDVViewController+SplashScreen.m in Sources */ = {isa = PBXBuildFile; fileRef = E817EFB570FC43AEAF562709 /* CDVViewController+SplashScreen.m */; };
		5B273A4D17E343D8A8A0B9A2 /* GCDWebServerMultiPartFormRequest.m in Sources */ = {isa = PBXBuildFile; fileRef = F95B98E89355467D8A5CDDB7 /* GCDWebServerMultiPartFormRequest.m */; };
		5F905D33ED8648898E9BFA6C /* CDVFileTransfer.m in Sources */ = {isa = PBXBuildFile; fileRef = 8D80F37F2AE94DA582AAE0BE /* CDVFileTransfer.m */; };
		611F15DE0A5F495BAABC8AC6 /* infback.c in Sources */ = {isa = PBXBuildFile; fileRef = 49AA680F14F34CC9B64E0153 /* infback.c */; };
		69A99881AE084FACAEBB5C25 /* uncompr.c in Sources */ = {isa = PBXBuildFile; fileRef = F6839862133549A998EE4D68 /* uncompr.c */; };
		6A171568B9244602A5C80463 /* GCDWebServerConnection.m in Sources */ = {isa = PBXBuildFile; fileRef = 80DC8C56E5154664B53D9DA2 /* GCDWebServerConnection.m */; };
		6AFF5BF91D6E424B00AB3073 /* CDVLaunchScreen.storyboard in Resources */ = {isa = PBXBuildFile; fileRef = 6AFF5BF81D6E424B00AB3073 /* CDVLaunchScreen.storyboard */; };
		6D1E0DF912114822AC42F49D /* Toast.m in Sources */ = {isa = PBXBuildFile; fileRef = C8E84573902E4A01B9FAD9E2 /* Toast.m */; };
		74EBDC2356834BD79F14BD83 /* AFURLRequestSerialization.m in Sources */ = {isa = PBXBuildFile; fileRef = A2D7163104174E28A86847BC /* AFURLRequestSerialization.m */; };
		7718E746A723466795E485E8 /* gzlib.c in Sources */ = {isa = PBXBuildFile; fileRef = CCDF18B6AC204CD18B9FFDF7 /* gzlib.c */; };
		78863EBCCB3F41298C92D429 /* GCDWebServerResponse.m in Sources */ = {isa = PBXBuildFile; fileRef = 2B329648942E4C3C850393C7 /* GCDWebServerResponse.m */; };
		7BFE75BE91F848CA89207C37 /* UIImage+CropScaleOrientation.m in Sources */ = {isa = PBXBuildFile; fileRef = 891FA435FCA9442FA6F80D9E /* UIImage+CropScaleOrientation.m */; };
		7CB3C7CF4D70416E9446B44C /* SystemConfiguration.framework in Frameworks */ = {isa = PBXBuildFile; fileRef = 4C8425C5036C40719D976929 /* SystemConfiguration.framework */; };
		7FCD35C6CE534F0286596054 /* UNIJsonNode.m in Sources */ = {isa = PBXBuildFile; fileRef = 796495A8BC2F403D9E272A0F /* UNIJsonNode.m */; };
		7FE8F44F15FA4B2ABB859C3E /* AlipaySDK.bundle in Resources */ = {isa = PBXBuildFile; fileRef = 4E75752AF0874EF9B640707A /* AlipaySDK.bundle */; };
		81AA748F8C3D4335B5884504 /* GCDWebServerStreamedResponse.m in Sources */ = {isa = PBXBuildFile; fileRef = EB3B3CFCAA954527A7771C10 /* GCDWebServerStreamedResponse.m */; };
		82A9127C31964837BD31530B /* deflate.c in Sources */ = {isa = PBXBuildFile; fileRef = BAAC0C1E5B2A431C965972C8 /* deflate.c */; };
		84416E0C694D4F3DBD1666DA /* compress.c in Sources */ = {isa = PBXBuildFile; fileRef = 46EE188F8A1D4C1EB5E569C3 /* compress.c */; };
		84589CAFD6DC4082967B04FC /* Toast+UIView.m in Sources */ = {isa = PBXBuildFile; fileRef = 38CAA61C26BE4E60ADDEFF63 /* Toast+UIView.m */; };
		84B320194B814DD7A83D66C8 /* AFSecurityPolicy.m in Sources */ = {isa = PBXBuildFile; fileRef = 423A2B9E80C149CEA137E44B /* AFSecurityPolicy.m */; };
		885AB5D8992C4A35ACC71FFB /* libc++.tbd in Frameworks */ = {isa = PBXBuildFile; fileRef = D17D1ABB397C4FB2801F5DE5 /* libc++.tbd */; settings = {ATTRIBUTES = (Weak, ); }; };
		88A60CD14362474890904282 /* libz.tbd in Frameworks */ = {isa = PBXBuildFile; fileRef = B517FA5E012D4923AE82F980 /* libz.tbd */; settings = {ATTRIBUTES = (Weak, ); }; };
		890ED7DFDABD4A7F8862DB79 /* CDVBarcodeScanner.bundle in Resources */ = {isa = PBXBuildFile; fileRef = AB0C5F9F030B403FB3F84F1A /* CDVBarcodeScanner.bundle */; };
		8D85F25D19BE4107BDD08CC4 /* AlipaySDK.framework in Frameworks */ = {isa = PBXBuildFile; fileRef = FAE2059DCDA34F4D9CCA0498 /* AlipaySDK.framework */; };
		8F92A0D704BD4B5C8E03A051 /* Foundation.framework in Frameworks */ = {isa = PBXBuildFile; fileRef = F4AD473F776B4646A4E8EB03 /* Foundation.framework */; settings = {ATTRIBUTES = (Weak, ); }; };
		90F1A39879384D55B8BE835B /* UNIHTTPBinaryResponse.m in Sources */ = {isa = PBXBuildFile; fileRef = 5C6FFB0F89BC4F2E80C85127 /* UNIHTTPBinaryResponse.m */; };
		91D5FFA921354D338ABF7617 /* UNIHTTPClientHelper.m in Sources */ = {isa = PBXBuildFile; fileRef = 0226F6E0690A4D5386138CE4 /* UNIHTTPClientHelper.m */; };
		9515CEE9CB4F46309BC74B43 /* AFURLResponseSerialization.m in Sources */ = {isa = PBXBuildFile; fileRef = C17AA411A4424CD2BEFC10EC /* AFURLResponseSerialization.m */; };
		988879B8FC504AAF88B1FA73 /* Base64.m in Sources */ = {isa = PBXBuildFile; fileRef = B72C22772EFE4A2B88003B0C /* Base64.m */; };
		99955C77F88A4BC493A48CB3 /* GCDWebServerErrorResponse.m in Sources */ = {isa = PBXBuildFile; fileRef = 54B8202B62B44DEABA6C79C0 /* GCDWebServerErrorResponse.m */; };
		9B644E38E6E84B48B7FCBEB6 /* CDVLocalFilesystem.m in Sources */ = {isa = PBXBuildFile; fileRef = 96EA313752E647389293B3EA /* CDVLocalFilesystem.m */; };
		A0F1AF84A84D4F29A9EEEC5C /* IonicDeploy.m in Sources */ = {isa = PBXBuildFile; fileRef = D8D8AD7B0ED944CDBBA11030 /* IonicDeploy.m */; };
		A388934309B24002AC562D54 /* CoreLocation.framework in Frameworks */ = {isa = PBXBuildFile; fileRef = 8701DC2DDC3D4BED9A15194A /* CoreLocation.framework */; };
		A48A1FC2A1A14A71B0ADD5D3 /* GCDWebServerFileRequest.m in Sources */ = {isa = PBXBuildFile; fileRef = 872D2810A6244165A860EC61 /* GCDWebServerFileRequest.m */; };
		A8890D228E9F495B95EC0069 /* GCDWebServerDataResponse.m in Sources */ = {isa = PBXBuildFile; fileRef = 2D233C411FBF4DCCA68D52E2 /* GCDWebServerDataResponse.m */; };
		ACC6F5780B8F42D69581D280 /* UNISimpleRequest.m in Sources */ = {isa = PBXBuildFile; fileRef = 61F2504E812B4F53A4793CA4 /* UNISimpleRequest.m */; };
		AD6B28E26C05428EBA231866 /* ImageIO.framework in Frameworks */ = {isa = PBXBuildFile; fileRef = 4EF6785C33BF4182BD534D57 /* ImageIO.framework */; settings = {ATTRIBUTES = (Weak, ); }; };
		AF8828FBF8C94891A9D7FA8E /* inffast.c in Sources */ = {isa = PBXBuildFile; fileRef = 73D725A025904DD1AD2379A4 /* inffast.c */; };
		B03F41C53323478CBF51A596 /* AFNetworkReachabilityManager.m in Sources */ = {isa = PBXBuildFile; fileRef = 010EA530F0CE40D383D44862 /* AFNetworkReachabilityManager.m */; };
		B1B3A9589E1B4071983503B5 /* IonicConstant.m in Sources */ = {isa = PBXBuildFile; fileRef = E8D52B3300EB4F56B35B2086 /* IonicConstant.m */; };
		B65379B7FFA843229AC8ABD0 /* Security.framework in Frameworks */ = {isa = PBXBuildFile; fileRef = 9AB9094CD6614D0DAB22A44D /* Security.framework */; };
		BE0000E8010D42B98F099472 /* UNIBaseRequest.m in Sources */ = {isa = PBXBuildFile; fileRef = A82AE7A3E85F4678B028B22D /* UNIBaseRequest.m */; };
		BE7C1D755BD94F7EB7013B69 /* gzclose.c in Sources */ = {isa = PBXBuildFile; fileRef = 870F2B96B94441ECADB0A674 /* gzclose.c */; };
		BFE90352BFCF4A11B1300A57 /* CoreMotion.framework in Frameworks */ = {isa = PBXBuildFile; fileRef = D585EE260BE448AFB3513CC4 /* CoreMotion.framework */; settings = {ATTRIBUTES = (Weak, ); }; };
		C04523A7785E4D8792142774 /* GCDWebServerDataRequest.m in Sources */ = {isa = PBXBuildFile; fileRef = A372C34D99FF49F9A7C6F46A /* GCDWebServerDataRequest.m */; };
		C9211548FA45417BAC5EFC26 /* CoreText.framework in Frameworks */ = {isa = PBXBuildFile; fileRef = B842FFF4B6A84FE1B7EDE963 /* CoreText.framework */; settings = {ATTRIBUTES = (Weak, ); }; };
		C99513B0E7FB472BA34794AB /* CDVDevice.m in Sources */ = {isa = PBXBuildFile; fileRef = 9B81292BAE2647EFAA5E6924 /* CDVDevice.m */; };
		C9C354D15883438385044338 /* GCDWebServerFileResponse.m in Sources */ = {isa = PBXBuildFile; fileRef = 8066C6BA6A1841E0AA611F6F /* GCDWebServerFileResponse.m */; };
		CEC05D5FFE0C4B678070EE40 /* UNIHTTPJsonResponse.m in Sources */ = {isa = PBXBuildFile; fileRef = 5DE641905AF5482D886D5714 /* UNIHTTPJsonResponse.m */; };
		D5BF33EE673648AC8925665E /* gzwrite.c in Sources */ = {isa = PBXBuildFile; fileRef = 8E7D9C2F120240D4ACA3C2B2 /* gzwrite.c */; };
		D8A9E78EFDEF4117A456032C /* TextRequestSerializer.m in Sources */ = {isa = PBXBuildFile; fileRef = 87664BF5B03C4FC180D5B5E1 /* TextRequestSerializer.m */; };
		D9A7074976BB4C9697B56826 /* WebKit.framework in Frameworks */ = {isa = PBXBuildFile; fileRef = 8B98DBC0C4F545DF8FC28902 /* WebKit.framework */; };
		DB83BF90E2BB4B81B54EB7C7 /* QuartzCore.framework in Frameworks */ = {isa = PBXBuildFile; fileRef = D0AEE346B02849E8BF9389DF /* QuartzCore.framework */; settings = {ATTRIBUTES = (Weak, ); }; };
		DF5333D4313D4D7A9F147D1C /* UNIHTTPStringResponse.m in Sources */ = {isa = PBXBuildFile; fileRef = 0C91404DDB86439B97A7AE89 /* UNIHTTPStringResponse.m */; };
		DF676BFE631540CA9429B486 /* CFNetwork.framework in Frameworks */ = {isa = PBXBuildFile; fileRef = 0A63059C011D4D708136AE97 /* CFNetwork.framework */; };
		E364041FBB25401281E5CECC /* UNIBodyRequest.m in Sources */ = {isa = PBXBuildFile; fileRef = 600BA8A2E0CC4E68B7FCB585 /* UNIBodyRequest.m */; };
		E7D8D4D5C0A141F08C570285 /* inflate.c in Sources */ = {isa = PBXBuildFile; fileRef = 2B564873A56549A98BCDEE3B /* inflate.c */; };
		E7DC4962EB234AD5B8182942 /* zip.c in Sources */ = {isa = PBXBuildFile; fileRef = C76375808B2B42528E70EA1D /* zip.c */; };
		E986507224DD48D7B9368EDB /* UNIUrlConnection.m in Sources */ = {isa = PBXBuildFile; fileRef = 0A084EE6CE364DC98320272A /* UNIUrlConnection.m */; };
		EF054C8EA82B481482027799 /* AFHTTPSessionManager.m in Sources */ = {isa = PBXBuildFile; fileRef = 25FE444A233440E6B4585CB8 /* AFHTTPSessionManager.m */; };
		F50817ED8F8C47929B723313 /* DownloadManager.m in Sources */ = {isa = PBXBuildFile; fileRef = 6BAF83E9095449C4B4D58570 /* DownloadManager.m */; };
		F6433BDBF187471BB573C6FA /* CDVJpegHeaderWriter.m in Sources */ = {isa = PBXBuildFile; fileRef = 76B89F2DA3C8406A80637DCE /* CDVJpegHeaderWriter.m */; };
		F6CFA357F8784F66B1A95C05 /* AFURLSessionManager.m in Sources */ = {isa = PBXBuildFile; fileRef = 50DA6894980F4E79846878BD /* AFURLSessionManager.m */; };
		FF3B1E042945418880E54872 /* AVFoundation.framework in Frameworks */ = {isa = PBXBuildFile; fileRef = 4F5C1C383944438787741B9F /* AVFoundation.framework */; };
/* End PBXBuildFile section */

/* Begin PBXContainerItemProxy section */
		301BF534109A57CC0062928A /* PBXContainerItemProxy */ = {
			isa = PBXContainerItemProxy;
			containerPortal = 301BF52D109A57CC0062928A /* CordovaLib/CordovaLib.xcodeproj */;
			proxyType = 2;
			remoteGlobalIDString = D2AAC07E0554694100DB518D;
			remoteInfo = CordovaLib;
		};
		301BF550109A68C00062928A /* PBXContainerItemProxy */ = {
			isa = PBXContainerItemProxy;
			containerPortal = 301BF52D109A57CC0062928A /* CordovaLib/CordovaLib.xcodeproj */;
			proxyType = 1;
			remoteGlobalIDString = D2AAC07D0554694100DB518D;
			remoteInfo = CordovaLib;
		};
		B1A149DD21102F3800EE774E /* PBXContainerItemProxy */ = {
			isa = PBXContainerItemProxy;
			containerPortal = 301BF52D109A57CC0062928A /* CordovaLib/CordovaLib.xcodeproj */;
			proxyType = 2;
			remoteGlobalIDString = C0C01EB21E3911D50056E6CB;
			remoteInfo = Cordova;
		};
/* End PBXContainerItemProxy section */

/* Begin PBXFileReference section */
		004F19DD167B4BAD9999D9DC /* CDVWKWebViewUIDelegate.m */ = {isa = PBXFileReference; explicitFileType = undefined; fileEncoding = 4; includeInIndex = 0; lastKnownFileType = sourcecode.c.objc; name = CDVWKWebViewUIDelegate.m; path = "cordova-plugin-wkwebview-engine/CDVWKWebViewUIDelegate.m"; sourceTree = "<group>"; };
		010EA530F0CE40D383D44862 /* AFNetworkReachabilityManager.m */ = {isa = PBXFileReference; explicitFileType = undefined; fileEncoding = 4; includeInIndex = 0; lastKnownFileType = sourcecode.c.objc; name = AFNetworkReachabilityManager.m; path = "cordova-plugin-advanced-http/AFNetworkReachabilityManager.m"; sourceTree = "<group>"; };
		0161FA6757534AD0B00AB16F /* CDVAssetLibraryFilesystem.h */ = {isa = PBXFileReference; explicitFileType = undefined; fileEncoding = 4; includeInIndex = 0; lastKnownFileType = sourcecode.c.h; name = CDVAssetLibraryFilesystem.h; path = "cordova-plugin-file/CDVAssetLibraryFilesystem.h"; sourceTree = "<group>"; };
		0207DA571B56EA530066E2B4 /* Images.xcassets */ = {isa = PBXFileReference; lastKnownFileType = folder.assetcatalog; name = Images.xcassets; path = 4.0/Images.xcassets; sourceTree = SOURCE_ROOT; };
		0226F6E0690A4D5386138CE4 /* UNIHTTPClientHelper.m */ = {isa = PBXFileReference; explicitFileType = undefined; fileEncoding = 4; includeInIndex = 0; lastKnownFileType = sourcecode.c.objc; name = UNIHTTPClientHelper.m; path = "ionic-plugin-deploy/UNIHTTPClientHelper.m"; sourceTree = "<group>"; };
		0714EB8928694F0882E43899 /* AFHTTPSessionManager.h */ = {isa = PBXFileReference; explicitFileType = undefined; fileEncoding = 4; includeInIndex = 0; lastKnownFileType = sourcecode.c.h; name = AFHTTPSessionManager.h; path = "cordova-plugin-advanced-http/AFHTTPSessionManager.h"; sourceTree = "<group>"; };
		081E84090B1D41C38F6DAC69 /* TextResponseSerializer.h */ = {isa = PBXFileReference; explicitFileType = undefined; fileEncoding = 4; includeInIndex = 0; lastKnownFileType = sourcecode.c.h; name = TextResponseSerializer.h; path = "cordova-plugin-advanced-http/TextResponseSerializer.h"; sourceTree = "<group>"; };
		08EB147BD38242CAAD2DEBF1 /* ioapi.c */ = {isa = PBXFileReference; explicitFileType = undefined; fileEncoding = 9; includeInIndex = 0; lastKnownFileType = unknown; name = ioapi.c; path = "ionic-plugin-deploy/ioapi.c"; sourceTree = "<group>"; };
		0A084EE6CE364DC98320272A /* UNIUrlConnection.m */ = {isa = PBXFileReference; explicitFileType = undefined; fileEncoding = 4; includeInIndex = 0; lastKnownFileType = sourcecode.c.objc; name = UNIUrlConnection.m; path = "ionic-plugin-deploy/UNIUrlConnection.m"; sourceTree = "<group>"; };
		0A63059C011D4D708136AE97 /* CFNetwork.framework */ = {isa = PBXFileReference; explicitFileType = undefined; fileEncoding = 9; includeInIndex = 0; lastKnownFileType = wrapper.framework; name = CFNetwork.framework; path = System/Library/Frameworks/CFNetwork.framework; sourceTree = SDKROOT; };
		0B9E1F56EDCF487F9E91E2E9 /* zip.h */ = {isa = PBXFileReference; explicitFileType = undefined; fileEncoding = 4; includeInIndex = 0; lastKnownFileType = sourcecode.c.h; name = zip.h; path = "ionic-plugin-deploy/zip.h"; sourceTree = "<group>"; };
		0C5142FA52B64A54A3F85775 /* CDVJpegHeaderWriter.h */ = {isa = PBXFileReference; explicitFileType = undefined; fileEncoding = 4; includeInIndex = 0; lastKnownFileType = sourcecode.c.h; name = CDVJpegHeaderWriter.h; path = "cordova-plugin-camera/CDVJpegHeaderWriter.h"; sourceTree = "<group>"; };
		0C91404DDB86439B97A7AE89 /* UNIHTTPStringResponse.m */ = {isa = PBXFileReference; explicitFileType = undefined; fileEncoding = 4; includeInIndex = 0; lastKnownFileType = sourcecode.c.objc; name = UNIHTTPStringResponse.m; path = "ionic-plugin-deploy/UNIHTTPStringResponse.m"; sourceTree = "<group>"; };
		13525DB73BDF4199BF201998 /* scannerOverlay.xib */ = {isa = PBXFileReference; explicitFileType = undefined; fileEncoding = 9; includeInIndex = 0; lastKnownFileType = file.xib; path = scannerOverlay.xib; sourceTree = "<group>"; };
		13E5B14DDF5D4AFE9BFEE3C2 /* UNIUrlConnection.h */ = {isa = PBXFileReference; explicitFileType = undefined; fileEncoding = 4; includeInIndex = 0; lastKnownFileType = sourcecode.c.h; name = UNIUrlConnection.h; path = "ionic-plugin-deploy/UNIUrlConnection.h"; sourceTree = "<group>"; };
		1C129F2F8DA444EB816C4242 /* crc32.c */ = {isa = PBXFileReference; explicitFileType = undefined; fileEncoding = 9; includeInIndex = 0; lastKnownFileType = unknown; name = crc32.c; path = "ionic-plugin-deploy/crc32.c"; sourceTree = "<group>"; };
		1D3623240D0F684500981E51 /* AppDelegate.h */ = {isa = PBXFileReference; fileEncoding = 4; lastKnownFileType = sourcecode.c.h; path = AppDelegate.h; sourceTree = "<group>"; };
		1D3623250D0F684500981E51 /* AppDelegate.m */ = {isa = PBXFileReference; fileEncoding = 4; lastKnownFileType = sourcecode.c.objc; path = AppDelegate.m; sourceTree = "<group>"; };
		1D6058910D05DD3D006BFB54 /* 4.0.app */ = {isa = PBXFileReference; explicitFileType = wrapper.application; includeInIndex = 0; path = 4.0.app; sourceTree = BUILT_PRODUCTS_DIR; };
		1E492265B07E40319CEC3004 /* CDVFile.h */ = {isa = PBXFileReference; explicitFileType = undefined; fileEncoding = 4; includeInIndex = 0; lastKnownFileType = sourcecode.c.h; name = CDVFile.h; path = "cordova-plugin-file/CDVFile.h"; sourceTree = "<group>"; };
		22B00F384D2642E5B1FE9F16 /* zlib.h */ = {isa = PBXFileReference; explicitFileType = undefined; fileEncoding = 4; includeInIndex = 0; lastKnownFileType = sourcecode.c.h; name = zlib.h; path = "ionic-plugin-deploy/zlib.h"; sourceTree = "<group>"; };
		2436DB1F0E5541EB8DA96EE8 /* UNIHTTPRequest.m */ = {isa = PBXFileReference; explicitFileType = undefined; fileEncoding = 4; includeInIndex = 0; lastKnownFileType = sourcecode.c.objc; name = UNIHTTPRequest.m; path = "ionic-plugin-deploy/UNIHTTPRequest.m"; sourceTree = "<group>"; };
		25FE444A233440E6B4585CB8 /* AFHTTPSessionManager.m */ = {isa = PBXFileReference; explicitFileType = undefined; fileEncoding = 4; includeInIndex = 0; lastKnownFileType = sourcecode.c.objc; name = AFHTTPSessionManager.m; path = "cordova-plugin-advanced-http/AFHTTPSessionManager.m"; sourceTree = "<group>"; };
		2983634EC3B441A9A9A2F27D /* UNIRest.m */ = {isa = PBXFileReference; explicitFileType = undefined; fileEncoding = 4; includeInIndex = 0; lastKnownFileType = sourcecode.c.objc; name = UNIRest.m; path = "ionic-plugin-deploy/UNIRest.m"; sourceTree = "<group>"; };
		29B97316FDCFA39411CA2CEA /* main.m */ = {isa = PBXFileReference; fileEncoding = 4; lastKnownFileType = sourcecode.c.objc; path = main.m; sourceTree = "<group>"; };
		2B329648942E4C3C850393C7 /* GCDWebServerResponse.m */ = {isa = PBXFileReference; explicitFileType = undefined; fileEncoding = 4; includeInIndex = 0; lastKnownFileType = sourcecode.c.objc; name = GCDWebServerResponse.m; path = "cordova-plugin-ionic-webview/GCDWebServerResponse.m"; sourceTree = "<group>"; };
		2B564873A56549A98BCDEE3B /* inflate.c */ = {isa = PBXFileReference; explicitFileType = undefined; fileEncoding = 9; includeInIndex = 0; lastKnownFileType = unknown; name = inflate.c; path = "ionic-plugin-deploy/inflate.c"; sourceTree = "<group>"; };
		2BA76F7088C6430DB4200EF4 /* CDVWKProcessPoolFactory.h */ = {isa = PBXFileReference; explicitFileType = undefined; fileEncoding = 4; includeInIndex = 0; lastKnownFileType = sourcecode.c.h; name = CDVWKProcessPoolFactory.h; path = "cordova-plugin-wkwebview-engine/CDVWKProcessPoolFactory.h"; sourceTree = "<group>"; };
		2D233C411FBF4DCCA68D52E2 /* GCDWebServerDataResponse.m */ = {isa = PBXFileReference; explicitFileType = undefined; fileEncoding = 4; includeInIndex = 0; lastKnownFileType = sourcecode.c.objc; name = GCDWebServerDataResponse.m; path = "cordova-plugin-ionic-webview/GCDWebServerDataResponse.m"; sourceTree = "<group>"; };
		2DCABFCCF661479BAC6FBE4C /* inffast.h */ = {isa = PBXFileReference; explicitFileType = undefined; fileEncoding = 4; includeInIndex = 0; lastKnownFileType = sourcecode.c.h; name = inffast.h; path = "ionic-plugin-deploy/inffast.h"; sourceTree = "<group>"; };
		2EC8FDA53BDA41BD99B267F2 /* UNIHTTPRequestWithBody.h */ = {isa = PBXFileReference; explicitFileType = undefined; fileEncoding = 4; includeInIndex = 0; lastKnownFileType = sourcecode.c.h; name = UNIHTTPRequestWithBody.h; path = "ionic-plugin-deploy/UNIHTTPRequestWithBody.h"; sourceTree = "<group>"; };
		2FE6C74A7F9A4E7E92AEC6B4 /* CDVExif.h */ = {isa = PBXFileReference; explicitFileType = undefined; fileEncoding = 4; includeInIndex = 0; lastKnownFileType = sourcecode.c.h; name = CDVExif.h; path = "cordova-plugin-camera/CDVExif.h"; sourceTree = "<group>"; };
		301BF52D109A57CC0062928A /* CordovaLib/CordovaLib.xcodeproj */ = {isa = PBXFileReference; lastKnownFileType = "wrapper.pb-project"; path = CordovaLib/CordovaLib.xcodeproj; sourceTree = "<group>"; };
		301BF56E109A69640062928A /* www */ = {isa = PBXFileReference; lastKnownFileType = folder; path = www; sourceTree = SOURCE_ROOT; };
		302D95EE14D2391D003F00A1 /* MainViewController.h */ = {isa = PBXFileReference; fileEncoding = 4; lastKnownFileType = sourcecode.c.h; path = MainViewController.h; sourceTree = "<group>"; };
		302D95EF14D2391D003F00A1 /* MainViewController.m */ = {isa = PBXFileReference; fileEncoding = 4; lastKnownFileType = sourcecode.c.objc; path = MainViewController.m; sourceTree = "<group>"; };
		302D95F014D2391D003F00A1 /* MainViewController.xib */ = {isa = PBXFileReference; fileEncoding = 4; lastKnownFileType = file.xib; path = MainViewController.xib; sourceTree = "<group>"; };
		3047A50F1AB8059700498E2A /* build-debug.xcconfig */ = {isa = PBXFileReference; fileEncoding = 4; lastKnownFileType = text.xcconfig; name = "build-debug.xcconfig"; path = "cordova/build-debug.xcconfig"; sourceTree = SOURCE_ROOT; };
		3047A5101AB8059700498E2A /* build-release.xcconfig */ = {isa = PBXFileReference; fileEncoding = 4; lastKnownFileType = text.xcconfig; name = "build-release.xcconfig"; path = "cordova/build-release.xcconfig"; sourceTree = SOURCE_ROOT; };
		3047A5111AB8059700498E2A /* build.xcconfig */ = {isa = PBXFileReference; fileEncoding = 4; lastKnownFileType = text.xcconfig; name = build.xcconfig; path = cordova/build.xcconfig; sourceTree = SOURCE_ROOT; };
		3233BC34880F46448955071F /* UIImage+CropScaleOrientation.h */ = {isa = PBXFileReference; explicitFileType = undefined; fileEncoding = 4; includeInIndex = 0; lastKnownFileType = sourcecode.c.h; name = "UIImage+CropScaleOrientation.h"; path = "cordova-plugin-camera/UIImage+CropScaleOrientation.h"; sourceTree = "<group>"; };
		32B34FA4FDFD48F083CC0074 /* CDVLocalFilesystem.h */ = {isa = PBXFileReference; explicitFileType = undefined; fileEncoding = 4; includeInIndex = 0; lastKnownFileType = sourcecode.c.h; name = CDVLocalFilesystem.h; path = "cordova-plugin-file/CDVLocalFilesystem.h"; sourceTree = "<group>"; };
		32CA4F630368D1EE00C91783 /* 4.0-Prefix.pch */ = {isa = PBXFileReference; fileEncoding = 4; lastKnownFileType = sourcecode.c.h; path = "4.0-Prefix.pch"; sourceTree = "<group>"; };
		3800074F4F554A4AA6DA3863 /* CDVWKProcessPoolFactory.m */ = {isa = PBXFileReference; explicitFileType = undefined; fileEncoding = 4; includeInIndex = 0; lastKnownFileType = sourcecode.c.objc; name = CDVWKProcessPoolFactory.m; path = "cordova-plugin-wkwebview-engine/CDVWKProcessPoolFactory.m"; sourceTree = "<group>"; };
		38CAA61C26BE4E60ADDEFF63 /* Toast+UIView.m */ = {isa = PBXFileReference; explicitFileType = undefined; fileEncoding = 4; includeInIndex = 0; lastKnownFileType = sourcecode.c.objc; name = "Toast+UIView.m"; path = "cordova-plugin-x-toast/Toast+UIView.m"; sourceTree = "<group>"; };
		3BABBA63168C41F1824EA83C /* CDVAssetLibraryFilesystem.m */ = {isa = PBXFileReference; explicitFileType = undefined; fileEncoding = 4; includeInIndex = 0; lastKnownFileType = sourcecode.c.objc; name = CDVAssetLibraryFilesystem.m; path = "cordova-plugin-file/CDVAssetLibraryFilesystem.m"; sourceTree = "<group>"; };
		3BC9D121BD0D4DA8ACF3CAD9 /* GCDWebServerResponse.h */ = {isa = PBXFileReference; explicitFileType = undefined; fileEncoding = 4; includeInIndex = 0; lastKnownFileType = sourcecode.c.h; name = GCDWebServerResponse.h; path = "cordova-plugin-ionic-webview/GCDWebServerResponse.h"; sourceTree = "<group>"; };
		3C403D4FA156435EB3E4BC8E /* GCDWebServer.h */ = {isa = PBXFileReference; explicitFileType = undefined; fileEncoding = 4; includeInIndex = 0; lastKnownFileType = sourcecode.c.h; name = GCDWebServer.h; path = "cordova-plugin-ionic-webview/GCDWebServer.h"; sourceTree = "<group>"; };
		405CCDD395474682BA90E3B1 /* unzip.c */ = {isa = PBXFileReference; explicitFileType = undefined; fileEncoding = 9; includeInIndex = 0; lastKnownFileType = unknown; name = unzip.c; path = "ionic-plugin-deploy/unzip.c"; sourceTree = "<group>"; };
		41066D1CA9384D58870534E8 /* CDVIonicKeyboard.h */ = {isa = PBXFileReference; explicitFileType = undefined; fileEncoding = 4; includeInIndex = 0; lastKnownFileType = sourcecode.c.h; name = CDVIonicKeyboard.h; path = "cordova-plugin-ionic-keyboard/CDVIonicKeyboard.h"; sourceTree = "<group>"; };
		4160670DB3424A64B7584E7C /* CDVSplashScreen.h */ = {isa = PBXFileReference; explicitFileType = undefined; fileEncoding = 4; includeInIndex = 0; lastKnownFileType = sourcecode.c.h; name = CDVSplashScreen.h; path = "cordova-plugin-splashscreen/CDVSplashScreen.h"; sourceTree = "<group>"; };
		423A2B9E80C149CEA137E44B /* AFSecurityPolicy.m */ = {isa = PBXFileReference; explicitFileType = undefined; fileEncoding = 4; includeInIndex = 0; lastKnownFileType = sourcecode.c.objc; name = AFSecurityPolicy.m; path = "cordova-plugin-advanced-http/AFSecurityPolicy.m"; sourceTree = "<group>"; };
		45F56BACC3DD4A1FB8119887 /* UNIHTTPRequestWithBody.m */ = {isa = PBXFileReference; explicitFileType = undefined; fileEncoding = 4; includeInIndex = 0; lastKnownFileType = sourcecode.c.objc; name = UNIHTTPRequestWithBody.m; path = "ionic-plugin-deploy/UNIHTTPRequestWithBody.m"; sourceTree = "<group>"; };
		46EE188F8A1D4C1EB5E569C3 /* compress.c */ = {isa = PBXFileReference; explicitFileType = undefined; fileEncoding = 9; includeInIndex = 0; lastKnownFileType = unknown; name = compress.c; path = "ionic-plugin-deploy/compress.c"; sourceTree = "<group>"; };
		49AA680F14F34CC9B64E0153 /* infback.c */ = {isa = PBXFileReference; explicitFileType = undefined; fileEncoding = 9; includeInIndex = 0; lastKnownFileType = unknown; name = infback.c; path = "ionic-plugin-deploy/infback.c"; sourceTree = "<group>"; };
		49F0A5BF9C0C4FFB835CF278 /* Download.h */ = {isa = PBXFileReference; explicitFileType = undefined; fileEncoding = 4; includeInIndex = 0; lastKnownFileType = sourcecode.c.h; name = Download.h; path = "ionic-plugin-deploy/Download.h"; sourceTree = "<group>"; };
		4C8425C5036C40719D976929 /* SystemConfiguration.framework */ = {isa = PBXFileReference; explicitFileType = undefined; fileEncoding = 9; includeInIndex = 0; lastKnownFileType = wrapper.framework; name = SystemConfiguration.framework; path = System/Library/Frameworks/SystemConfiguration.framework; sourceTree = SDKROOT; };
		4E75752AF0874EF9B640707A /* AlipaySDK.bundle */ = {isa = PBXFileReference; explicitFileType = undefined; fileEncoding = 9; includeInIndex = 0; lastKnownFileType = "wrapper.plug-in"; path = AlipaySDK.bundle; sourceTree = "<group>"; };
		4EF6785C33BF4182BD534D57 /* ImageIO.framework */ = {isa = PBXFileReference; explicitFileType = undefined; fileEncoding = 9; includeInIndex = 0; lastKnownFileType = wrapper.framework; name = ImageIO.framework; path = System/Library/Frameworks/ImageIO.framework; sourceTree = SDKROOT; };
		4F3F02E2646D40B8B60870ED /* CordovaHttpPlugin.h */ = {isa = PBXFileReference; explicitFileType = undefined; fileEncoding = 4; includeInIndex = 0; lastKnownFileType = sourcecode.c.h; name = CordovaHttpPlugin.h; path = "cordova-plugin-advanced-http/CordovaHttpPlugin.h"; sourceTree = "<group>"; };
		4F5C1C383944438787741B9F /* AVFoundation.framework */ = {isa = PBXFileReference; explicitFileType = undefined; fileEncoding = 9; includeInIndex = 0; lastKnownFileType = wrapper.framework; name = AVFoundation.framework; path = System/Library/Frameworks/AVFoundation.framework; sourceTree = SDKROOT; };
		4F9612DA865C41798FF74F69 /* CDVCamera.m */ = {isa = PBXFileReference; explicitFileType = undefined; fileEncoding = 4; includeInIndex = 0; lastKnownFileType = sourcecode.c.objc; name = CDVCamera.m; path = "cordova-plugin-camera/CDVCamera.m"; sourceTree = "<group>"; };
		50DA6894980F4E79846878BD /* AFURLSessionManager.m */ = {isa = PBXFileReference; explicitFileType = undefined; fileEncoding = 4; includeInIndex = 0; lastKnownFileType = sourcecode.c.objc; name = AFURLSessionManager.m; path = "cordova-plugin-advanced-http/AFURLSessionManager.m"; sourceTree = "<group>"; };
		54B8202B62B44DEABA6C79C0 /* GCDWebServerErrorResponse.m */ = {isa = PBXFileReference; explicitFileType = undefined; fileEncoding = 4; includeInIndex = 0; lastKnownFileType = sourcecode.c.objc; name = GCDWebServerErrorResponse.m; path = "cordova-plugin-ionic-webview/GCDWebServerErrorResponse.m"; sourceTree = "<group>"; };
		551AF693D2B94ED6851828E7 /* inffixed.h */ = {isa = PBXFileReference; explicitFileType = undefined; fileEncoding = 4; includeInIndex = 0; lastKnownFileType = sourcecode.c.h; name = inffixed.h; path = "ionic-plugin-deploy/inffixed.h"; sourceTree = "<group>"; };
		5C6FFB0F89BC4F2E80C85127 /* UNIHTTPBinaryResponse.m */ = {isa = PBXFileReference; explicitFileType = undefined; fileEncoding = 4; includeInIndex = 0; lastKnownFileType = sourcecode.c.objc; name = UNIHTTPBinaryResponse.m; path = "ionic-plugin-deploy/UNIHTTPBinaryResponse.m"; sourceTree = "<group>"; };
		5D72190E6C5E4D70B945BE73 /* TextResponseSerializer.m */ = {isa = PBXFileReference; explicitFileType = undefined; fileEncoding = 4; includeInIndex = 0; lastKnownFileType = sourcecode.c.objc; name = TextResponseSerializer.m; path = "cordova-plugin-advanced-http/TextResponseSerializer.m"; sourceTree = "<group>"; };
		5DE641905AF5482D886D5714 /* UNIHTTPJsonResponse.m */ = {isa = PBXFileReference; explicitFileType = undefined; fileEncoding = 4; includeInIndex = 0; lastKnownFileType = sourcecode.c.objc; name = UNIHTTPJsonResponse.m; path = "ionic-plugin-deploy/UNIHTTPJsonResponse.m"; sourceTree = "<group>"; };
		600BA8A2E0CC4E68B7FCB585 /* UNIBodyRequest.m */ = {isa = PBXFileReference; explicitFileType = undefined; fileEncoding = 4; includeInIndex = 0; lastKnownFileType = sourcecode.c.objc; name = UNIBodyRequest.m; path = "ionic-plugin-deploy/UNIBodyRequest.m"; sourceTree = "<group>"; };
		61E1C0B85B234D9B830983DF /* alipay.m */ = {isa = PBXFileReference; explicitFileType = undefined; fileEncoding = 4; includeInIndex = 0; lastKnownFileType = sourcecode.c.objc; name = alipay.m; path = "cordova-plugin-alipay-v2/alipay.m"; sourceTree = "<group>"; };
		61F2504E812B4F53A4793CA4 /* UNISimpleRequest.m */ = {isa = PBXFileReference; explicitFileType = undefined; fileEncoding = 4; includeInIndex = 0; lastKnownFileType = sourcecode.c.objc; name = UNISimpleRequest.m; path = "ionic-plugin-deploy/UNISimpleRequest.m"; sourceTree = "<group>"; };
		62E7FF32E08741359892F8C1 /* CDVWKWebViewUIDelegate.h */ = {isa = PBXFileReference; explicitFileType = undefined; fileEncoding = 4; includeInIndex = 0; lastKnownFileType = sourcecode.c.h; name = CDVWKWebViewUIDelegate.h; path = "cordova-plugin-wkwebview-engine/CDVWKWebViewUIDelegate.h"; sourceTree = "<group>"; };
		62F1E075912845399EC98394 /* UNIHTTPClientHelper.h */ = {isa = PBXFileReference; explicitFileType = undefined; fileEncoding = 4; includeInIndex = 0; lastKnownFileType = sourcecode.c.h; name = UNIHTTPClientHelper.h; path = "ionic-plugin-deploy/UNIHTTPClientHelper.h"; sourceTree = "<group>"; };
		645B8B0FD5CE498DA853CDA4 /* Base64.h */ = {isa = PBXFileReference; explicitFileType = undefined; fileEncoding = 4; includeInIndex = 0; lastKnownFileType = sourcecode.c.h; name = Base64.h; path = "ionic-plugin-deploy/Base64.h"; sourceTree = "<group>"; };
		65EA20A7C2854D909B982D0A /* inftrees.c */ = {isa = PBXFileReference; explicitFileType = undefined; fileEncoding = 9; includeInIndex = 0; lastKnownFileType = unknown; name = inftrees.c; path = "ionic-plugin-deploy/inftrees.c"; sourceTree = "<group>"; };
		68ACCCA0C27D45AABA1ECF7C /* SSZipArchive.m */ = {isa = PBXFileReference; explicitFileType = undefined; fileEncoding = 4; includeInIndex = 0; lastKnownFileType = sourcecode.c.objc; name = SSZipArchive.m; path = "ionic-plugin-deploy/SSZipArchive.m"; sourceTree = "<group>"; };
		69AE6EDC41DC4F59B4382372 /* CDVWKWebViewEngine.m */ = {isa = PBXFileReference; explicitFileType = undefined; fileEncoding = 4; includeInIndex = 0; lastKnownFileType = sourcecode.c.objc; name = CDVWKWebViewEngine.m; path = "cordova-plugin-wkwebview-engine/CDVWKWebViewEngine.m"; sourceTree = "<group>"; };
		6AFF5BF81D6E424B00AB3073 /* CDVLaunchScreen.storyboard */ = {isa = PBXFileReference; fileEncoding = 4; lastKnownFileType = file.storyboard; name = CDVLaunchScreen.storyboard; path = 4.0/CDVLaunchScreen.storyboard; sourceTree = SOURCE_ROOT; };
		6BAF83E9095449C4B4D58570 /* DownloadManager.m */ = {isa = PBXFileReference; explicitFileType = undefined; fileEncoding = 4; includeInIndex = 0; lastKnownFileType = sourcecode.c.objc; name = DownloadManager.m; path = "ionic-plugin-deploy/DownloadManager.m"; sourceTree = "<group>"; };
		6C0D8D865059433199C3C8EE /* UNIHTTPRequest.h */ = {isa = PBXFileReference; explicitFileType = undefined; fileEncoding = 4; includeInIndex = 0; lastKnownFileType = sourcecode.c.h; name = UNIHTTPRequest.h; path = "ionic-plugin-deploy/UNIHTTPRequest.h"; sourceTree = "<group>"; };
		6C77F7F5C97743F2B386C0F0 /* UNIHTTPJsonResponse.h */ = {isa = PBXFileReference; explicitFileType = undefined; fileEncoding = 4; includeInIndex = 0; lastKnownFileType = sourcecode.c.h; name = UNIHTTPJsonResponse.h; path = "ionic-plugin-deploy/UNIHTTPJsonResponse.h"; sourceTree = "<group>"; };
		6CA119BCD2D640CFB4A4AC49 /* UIKit.framework */ = {isa = PBXFileReference; explicitFileType = undefined; fileEncoding = 9; includeInIndex = 0; lastKnownFileType = wrapper.framework; name = UIKit.framework; path = System/Library/Frameworks/UIKit.framework; sourceTree = SDKROOT; };
		6D8194EA0FA34752BB173B38 /* AFNetworking.h */ = {isa = PBXFileReference; explicitFileType = undefined; fileEncoding = 4; includeInIndex = 0; lastKnownFileType = sourcecode.c.h; name = AFNetworking.h; path = "cordova-plugin-advanced-http/AFNetworking.h"; sourceTree = "<group>"; };
		6EF92AF8991B40B6B282A585 /* AFURLResponseSerialization.h */ = {isa = PBXFileReference; explicitFileType = undefined; fileEncoding = 4; includeInIndex = 0; lastKnownFileType = sourcecode.c.h; name = AFURLResponseSerialization.h; path = "cordova-plugin-advanced-http/AFURLResponseSerialization.h"; sourceTree = "<group>"; };
		73B1C855E7F041C78EA1CF17 /* GCDWebServerMultiPartFormRequest.h */ = {isa = PBXFileReference; explicitFileType = undefined; fileEncoding = 4; includeInIndex = 0; lastKnownFileType = sourcecode.c.h; name = GCDWebServerMultiPartFormRequest.h; path = "cordova-plugin-ionic-webview/GCDWebServerMultiPartFormRequest.h"; sourceTree = "<group>"; };
		73D725A025904DD1AD2379A4 /* inffast.c */ = {isa = PBXFileReference; explicitFileType = undefined; fileEncoding = 9; includeInIndex = 0; lastKnownFileType = unknown; name = inffast.c; path = "ionic-plugin-deploy/inffast.c"; sourceTree = "<group>"; };
		73EDD69CB46D47A986523D7A /* DownloadManager.h */ = {isa = PBXFileReference; explicitFileType = undefined; fileEncoding = 4; includeInIndex = 0; lastKnownFileType = sourcecode.c.h; name = DownloadManager.h; path = "ionic-plugin-deploy/DownloadManager.h"; sourceTree = "<group>"; };
		76B89F2DA3C8406A80637DCE /* CDVJpegHeaderWriter.m */ = {isa = PBXFileReference; explicitFileType = undefined; fileEncoding = 4; includeInIndex = 0; lastKnownFileType = sourcecode.c.objc; name = CDVJpegHeaderWriter.m; path = "cordova-plugin-camera/CDVJpegHeaderWriter.m"; sourceTree = "<group>"; };
		796495A8BC2F403D9E272A0F /* UNIJsonNode.m */ = {isa = PBXFileReference; explicitFileType = undefined; fileEncoding = 4; includeInIndex = 0; lastKnownFileType = sourcecode.c.objc; name = UNIJsonNode.m; path = "ionic-plugin-deploy/UNIJsonNode.m"; sourceTree = "<group>"; };
		7CAB5B1665574169990DE252 /* trees.h */ = {isa = PBXFileReference; explicitFileType = undefined; fileEncoding = 4; includeInIndex = 0; lastKnownFileType = sourcecode.c.h; name = trees.h; path = "ionic-plugin-deploy/trees.h"; sourceTree = "<group>"; };
		8066C6BA6A1841E0AA611F6F /* GCDWebServerFileResponse.m */ = {isa = PBXFileReference; explicitFileType = undefined; fileEncoding = 4; includeInIndex = 0; lastKnownFileType = sourcecode.c.objc; name = GCDWebServerFileResponse.m; path = "cordova-plugin-ionic-webview/GCDWebServerFileResponse.m"; sourceTree = "<group>"; };
		808625FFEA4B49C4ADB5C7A6 /* GCDWebServerFunctions.h */ = {isa = PBXFileReference; explicitFileType = undefined; fileEncoding = 4; includeInIndex = 0; lastKnownFileType = sourcecode.c.h; name = GCDWebServerFunctions.h; path = "cordova-plugin-ionic-webview/GCDWebServerFunctions.h"; sourceTree = "<group>"; };
		80DC8C56E5154664B53D9DA2 /* GCDWebServerConnection.m */ = {isa = PBXFileReference; explicitFileType = undefined; fileEncoding = 4; includeInIndex = 0; lastKnownFileType = sourcecode.c.objc; name = GCDWebServerConnection.m; path = "cordova-plugin-ionic-webview/GCDWebServerConnection.m"; sourceTree = "<group>"; };
		82EE6C5B64CD401498862A64 /* ioapi.h */ = {isa = PBXFileReference; explicitFileType = undefined; fileEncoding = 4; includeInIndex = 0; lastKnownFileType = sourcecode.c.h; name = ioapi.h; path = "ionic-plugin-deploy/ioapi.h"; sourceTree = "<group>"; };
		83A21A62E1E4404EA022B6BE /* UNIHTTPResponse.h */ = {isa = PBXFileReference; explicitFileType = undefined; fileEncoding = 4; includeInIndex = 0; lastKnownFileType = sourcecode.c.h; name = UNIHTTPResponse.h; path = "ionic-plugin-deploy/UNIHTTPResponse.h"; sourceTree = "<group>"; };
		8701DC2DDC3D4BED9A15194A /* CoreLocation.framework */ = {isa = PBXFileReference; explicitFileType = undefined; fileEncoding = 9; includeInIndex = 0; lastKnownFileType = wrapper.framework; name = CoreLocation.framework; path = System/Library/Frameworks/CoreLocation.framework; sourceTree = SDKROOT; };
		870F2B96B94441ECADB0A674 /* gzclose.c */ = {isa = PBXFileReference; explicitFileType = undefined; fileEncoding = 9; includeInIndex = 0; lastKnownFileType = unknown; name = gzclose.c; path = "ionic-plugin-deploy/gzclose.c"; sourceTree = "<group>"; };
		872D2810A6244165A860EC61 /* GCDWebServerFileRequest.m */ = {isa = PBXFileReference; explicitFileType = undefined; fileEncoding = 4; includeInIndex = 0; lastKnownFileType = sourcecode.c.objc; name = GCDWebServerFileRequest.m; path = "cordova-plugin-ionic-webview/GCDWebServerFileRequest.m"; sourceTree = "<group>"; };
		87664BF5B03C4FC180D5B5E1 /* TextRequestSerializer.m */ = {isa = PBXFileReference; explicitFileType = undefined; fileEncoding = 4; includeInIndex = 0; lastKnownFileType = sourcecode.c.objc; name = TextRequestSerializer.m; path = "cordova-plugin-advanced-http/TextRequestSerializer.m"; sourceTree = "<group>"; };
		87C671DC418B4E0C90EC0772 /* adler32.c */ = {isa = PBXFileReference; explicitFileType = undefined; fileEncoding = 9; includeInIndex = 0; lastKnownFileType = unknown; name = adler32.c; path = "ionic-plugin-deploy/adler32.c"; sourceTree = "<group>"; };
		88AE9365A6FB4152ABC3B579 /* GCDWebServerHTTPStatusCodes.h */ = {isa = PBXFileReference; explicitFileType = undefined; fileEncoding = 4; includeInIndex = 0; lastKnownFileType = sourcecode.c.h; name = GCDWebServerHTTPStatusCodes.h; path = "cordova-plugin-ionic-webview/GCDWebServerHTTPStatusCodes.h"; sourceTree = "<group>"; };
		891FA435FCA9442FA6F80D9E /* UIImage+CropScaleOrientation.m */ = {isa = PBXFileReference; explicitFileType = undefined; fileEncoding = 4; includeInIndex = 0; lastKnownFileType = sourcecode.c.objc; name = "UIImage+CropScaleOrientation.m"; path = "cordova-plugin-camera/UIImage+CropScaleOrientation.m"; sourceTree = "<group>"; };
		8B98DBC0C4F545DF8FC28902 /* WebKit.framework */ = {isa = PBXFileReference; explicitFileType = undefined; fileEncoding = 9; includeInIndex = 0; lastKnownFileType = wrapper.framework; name = WebKit.framework; path = System/Library/Frameworks/WebKit.framework; sourceTree = SDKROOT; };
		8D1107310486CEB800E47090 /* 4.0-Info.plist */ = {isa = PBXFileReference; fileEncoding = 4; lastKnownFileType = text.plist.xml; name = "4.0-Info.plist"; path = "4.0/4.0-Info.plist"; plistStructureDefinitionIdentifier = "com.apple.xcode.plist.structure-definition.iphone.info-plist"; sourceTree = SOURCE_ROOT; };
		8D80F37F2AE94DA582AAE0BE /* CDVFileTransfer.m */ = {isa = PBXFileReference; explicitFileType = undefined; fileEncoding = 4; includeInIndex = 0; lastKnownFileType = sourcecode.c.objc; name = CDVFileTransfer.m; path = "cordova-plugin-file-transfer/CDVFileTransfer.m"; sourceTree = "<group>"; };
		8E50BAF79C2646909342E39C /* ARCHelper.h */ = {isa = PBXFileReference; explicitFileType = undefined; fileEncoding = 4; includeInIndex = 0; lastKnownFileType = sourcecode.c.h; name = ARCHelper.h; path = "ionic-plugin-deploy/ARCHelper.h"; sourceTree = "<group>"; };
		8E7D9C2F120240D4ACA3C2B2 /* gzwrite.c */ = {isa = PBXFileReference; explicitFileType = undefined; fileEncoding = 9; includeInIndex = 0; lastKnownFileType = unknown; name = gzwrite.c; path = "ionic-plugin-deploy/gzwrite.c"; sourceTree = "<group>"; };
		8F2A13DA2D85428D99E047F4 /* AFURLSessionManager.h */ = {isa = PBXFileReference; explicitFileType = undefined; fileEncoding = 4; includeInIndex = 0; lastKnownFileType = sourcecode.c.h; name = AFURLSessionManager.h; path = "cordova-plugin-advanced-http/AFURLSessionManager.h"; sourceTree = "<group>"; };
		90D9AACADF6F4351A8AD7270 /* CoreTelephony.framework */ = {isa = PBXFileReference; explicitFileType = undefined; fileEncoding = 9; includeInIndex = 0; lastKnownFileType = wrapper.framework; name = CoreTelephony.framework; path = System/Library/Frameworks/CoreTelephony.framework; sourceTree = SDKROOT; };
		934712B0DEA5466FBBBD7A2F /* UNIJsonNode.h */ = {isa = PBXFileReference; explicitFileType = undefined; fileEncoding = 4; includeInIndex = 0; lastKnownFileType = sourcecode.c.h; name = UNIJsonNode.h; path = "ionic-plugin-deploy/UNIJsonNode.h"; sourceTree = "<group>"; };
		96DBA070DF834B9CB1AFF1BB /* CDVFileTransfer.h */ = {isa = PBXFileReference; explicitFileType = undefined; fileEncoding = 4; includeInIndex = 0; lastKnownFileType = sourcecode.c.h; name = CDVFileTransfer.h; path = "cordova-plugin-file-transfer/CDVFileTransfer.h"; sourceTree = "<group>"; };
		96EA313752E647389293B3EA /* CDVLocalFilesystem.m */ = {isa = PBXFileReference; explicitFileType = undefined; fileEncoding = 4; includeInIndex = 0; lastKnownFileType = sourcecode.c.objc; name = CDVLocalFilesystem.m; path = "cordova-plugin-file/CDVLocalFilesystem.m"; sourceTree = "<group>"; };
		9AB9094CD6614D0DAB22A44D /* Security.framework */ = {isa = PBXFileReference; explicitFileType = undefined; fileEncoding = 9; includeInIndex = 0; lastKnownFileType = wrapper.framework; name = Security.framework; path = System/Library/Frameworks/Security.framework; sourceTree = SDKROOT; };
		9B81292BAE2647EFAA5E6924 /* CDVDevice.m */ = {isa = PBXFileReference; explicitFileType = undefined; fileEncoding = 4; includeInIndex = 0; lastKnownFileType = sourcecode.c.objc; name = CDVDevice.m; path = "cordova-plugin-device/CDVDevice.m"; sourceTree = "<group>"; };
		9CA62158AA8442A58429996E /* crypt.h */ = {isa = PBXFileReference; explicitFileType = undefined; fileEncoding = 4; includeInIndex = 0; lastKnownFileType = sourcecode.c.h; name = crypt.h; path = "ionic-plugin-deploy/crypt.h"; sourceTree = "<group>"; };
		A2D7163104174E28A86847BC /* AFURLRequestSerialization.m */ = {isa = PBXFileReference; explicitFileType = undefined; fileEncoding = 4; includeInIndex = 0; lastKnownFileType = sourcecode.c.objc; name = AFURLRequestSerialization.m; path = "cordova-plugin-advanced-http/AFURLRequestSerialization.m"; sourceTree = "<group>"; };
		A372C34D99FF49F9A7C6F46A /* GCDWebServerDataRequest.m */ = {isa = PBXFileReference; explicitFileType = undefined; fileEncoding = 4; includeInIndex = 0; lastKnownFileType = sourcecode.c.objc; name = GCDWebServerDataRequest.m; path = "cordova-plugin-ionic-webview/GCDWebServerDataRequest.m"; sourceTree = "<group>"; };
		A58758EB4B79451F92DC3926 /* gzguts.h */ = {isa = PBXFileReference; explicitFileType = undefined; fileEncoding = 4; includeInIndex = 0; lastKnownFileType = sourcecode.c.h; name = gzguts.h; path = "ionic-plugin-deploy/gzguts.h"; sourceTree = "<group>"; };
		A5CA3A26943D4C1494CD16CC /* CDVCamera.h */ = {isa = PBXFileReference; explicitFileType = undefined; fileEncoding = 4; includeInIndex = 0; lastKnownFileType = sourcecode.c.h; name = CDVCamera.h; path = "cordova-plugin-camera/CDVCamera.h"; sourceTree = "<group>"; };
		A82AE7A3E85F4678B028B22D /* UNIBaseRequest.m */ = {isa = PBXFileReference; explicitFileType = undefined; fileEncoding = 4; includeInIndex = 0; lastKnownFileType = sourcecode.c.objc; name = UNIBaseRequest.m; path = "ionic-plugin-deploy/UNIBaseRequest.m"; sourceTree = "<group>"; };
		AA57E38FCD0F473FA5AF67F5 /* UNIHTTPResponse.m */ = {isa = PBXFileReference; explicitFileType = undefined; fileEncoding = 4; includeInIndex = 0; lastKnownFileType = sourcecode.c.objc; name = UNIHTTPResponse.m; path = "ionic-plugin-deploy/UNIHTTPResponse.m"; sourceTree = "<group>"; };
		AB0C5F9F030B403FB3F84F1A /* CDVBarcodeScanner.bundle */ = {isa = PBXFileReference; explicitFileType = undefined; fileEncoding = 9; includeInIndex = 0; lastKnownFileType = "wrapper.plug-in"; path = CDVBarcodeScanner.bundle; sourceTree = "<group>"; };
		AEA4D471D2DE479590E4D7C9 /* CordovaHttpPlugin.m */ = {isa = PBXFileReference; explicitFileType = undefined; fileEncoding = 4; includeInIndex = 0; lastKnownFileType = sourcecode.c.objc; name = CordovaHttpPlugin.m; path = "cordova-plugin-advanced-http/CordovaHttpPlugin.m"; sourceTree = "<group>"; };
		B0CB559FA2B543DD84D9949B /* deflate.h */ = {isa = PBXFileReference; explicitFileType = undefined; fileEncoding = 4; includeInIndex = 0; lastKnownFileType = sourcecode.c.h; name = deflate.h; path = "ionic-plugin-deploy/deflate.h"; sourceTree = "<group>"; };
		B4F42EDA12C14CB5AF6ACF91 /* AFNetworkReachabilityManager.h */ = {isa = PBXFileReference; explicitFileType = undefined; fileEncoding = 4; includeInIndex = 0; lastKnownFileType = sourcecode.c.h; name = AFNetworkReachabilityManager.h; path = "cordova-plugin-advanced-http/AFNetworkReachabilityManager.h"; sourceTree = "<group>"; };
		B517FA5E012D4923AE82F980 /* libz.tbd */ = {isa = PBXFileReference; explicitFileType = undefined; fileEncoding = 9; includeInIndex = 0; lastKnownFileType = "sourcecode.text-based-dylib-definition"; name = libz.tbd; path = usr/lib/libz.tbd; sourceTree = SDKROOT; };
		B72C22772EFE4A2B88003B0C /* Base64.m */ = {isa = PBXFileReference; explicitFileType = undefined; fileEncoding = 4; includeInIndex = 0; lastKnownFileType = sourcecode.c.objc; name = Base64.m; path = "ionic-plugin-deploy/Base64.m"; sourceTree = "<group>"; };
		B842FFF4B6A84FE1B7EDE963 /* CoreText.framework */ = {isa = PBXFileReference; explicitFileType = undefined; fileEncoding = 9; includeInIndex = 0; lastKnownFileType = wrapper.framework; name = CoreText.framework; path = System/Library/Frameworks/CoreText.framework; sourceTree = SDKROOT; };
		B8722CD9031C4DC198BDB070 /* zutil.c */ = {isa = PBXFileReference; explicitFileType = undefined; fileEncoding = 9; includeInIndex = 0; lastKnownFileType = unknown; name = zutil.c; path = "ionic-plugin-deploy/zutil.c"; sourceTree = "<group>"; };
		BAAC0C1E5B2A431C965972C8 /* deflate.c */ = {isa = PBXFileReference; explicitFileType = undefined; fileEncoding = 9; includeInIndex = 0; lastKnownFileType = unknown; name = deflate.c; path = "ionic-plugin-deploy/deflate.c"; sourceTree = "<group>"; };
		BED3FDCFC3FB44C3ADF4621F /* UNIHTTPBinaryResponse.h */ = {isa = PBXFileReference; explicitFileType = undefined; fileEncoding = 4; includeInIndex = 0; lastKnownFileType = sourcecode.c.h; name = UNIHTTPBinaryResponse.h; path = "ionic-plugin-deploy/UNIHTTPBinaryResponse.h"; sourceTree = "<group>"; };
		BF829467EAD2407CA50C8683 /* IonicConstant.h */ = {isa = PBXFileReference; explicitFileType = undefined; fileEncoding = 4; includeInIndex = 0; lastKnownFileType = sourcecode.c.h; name = IonicConstant.h; path = "ionic-plugin-deploy/IonicConstant.h"; sourceTree = "<group>"; };
		C0336CE4C49949A6B3A9D5E5 /* CDVWKWebViewEngine.h */ = {isa = PBXFileReference; explicitFileType = undefined; fileEncoding = 4; includeInIndex = 0; lastKnownFileType = sourcecode.c.h; name = CDVWKWebViewEngine.h; path = "cordova-plugin-wkwebview-engine/CDVWKWebViewEngine.h"; sourceTree = "<group>"; };
		C17AA411A4424CD2BEFC10EC /* AFURLResponseSerialization.m */ = {isa = PBXFileReference; explicitFileType = undefined; fileEncoding = 4; includeInIndex = 0; lastKnownFileType = sourcecode.c.objc; name = AFURLResponseSerialization.m; path = "cordova-plugin-advanced-http/AFURLResponseSerialization.m"; sourceTree = "<group>"; };
		C3D95A4FFE654B84B0DE4B2B /* Toast+UIView.h */ = {isa = PBXFileReference; explicitFileType = undefined; fileEncoding = 4; includeInIndex = 0; lastKnownFileType = sourcecode.c.h; name = "Toast+UIView.h"; path = "cordova-plugin-x-toast/Toast+UIView.h"; sourceTree = "<group>"; };
		C3ED6C79504D4D69B2D2F114 /* TextRequestSerializer.h */ = {isa = PBXFileReference; explicitFileType = undefined; fileEncoding = 4; includeInIndex = 0; lastKnownFileType = sourcecode.c.h; name = TextRequestSerializer.h; path = "cordova-plugin-advanced-http/TextRequestSerializer.h"; sourceTree = "<group>"; };
		C4A360F2CC604862B60C9ED7 /* CDVViewController+SplashScreen.h */ = {isa = PBXFileReference; explicitFileType = undefined; fileEncoding = 4; includeInIndex = 0; lastKnownFileType = sourcecode.c.h; name = "CDVViewController+SplashScreen.h"; path = "cordova-plugin-splashscreen/CDVViewController+SplashScreen.h"; sourceTree = "<group>"; };
		C6FD4E715B0743D6801D3C18 /* trees.c */ = {isa = PBXFileReference; explicitFileType = undefined; fileEncoding = 9; includeInIndex = 0; lastKnownFileType = unknown; name = trees.c; path = "ionic-plugin-deploy/trees.c"; sourceTree = "<group>"; };
		C76375808B2B42528E70EA1D /* zip.c */ = {isa = PBXFileReference; explicitFileType = undefined; fileEncoding = 9; includeInIndex = 0; lastKnownFileType = unknown; name = zip.c; path = "ionic-plugin-deploy/zip.c"; sourceTree = "<group>"; };
		C8523321A6944CFCA245E2B1 /* GCDWebServerRequest.h */ = {isa = PBXFileReference; explicitFileType = undefined; fileEncoding = 4; includeInIndex = 0; lastKnownFileType = sourcecode.c.h; name = GCDWebServerRequest.h; path = "cordova-plugin-ionic-webview/GCDWebServerRequest.h"; sourceTree = "<group>"; };
		C8AE42F8FEFC4466A512EF29 /* Toast.h */ = {isa = PBXFileReference; explicitFileType = undefined; fileEncoding = 4; includeInIndex = 0; lastKnownFileType = sourcecode.c.h; name = Toast.h; path = "cordova-plugin-x-toast/Toast.h"; sourceTree = "<group>"; };
		C8E84573902E4A01B9FAD9E2 /* Toast.m */ = {isa = PBXFileReference; explicitFileType = undefined; fileEncoding = 4; includeInIndex = 0; lastKnownFileType = sourcecode.c.objc; name = Toast.m; path = "cordova-plugin-x-toast/Toast.m"; sourceTree = "<group>"; };
		C98B4709FE3D4DF08125125C /* zconf.h */ = {isa = PBXFileReference; explicitFileType = undefined; fileEncoding = 4; includeInIndex = 0; lastKnownFileType = sourcecode.c.h; name = zconf.h; path = "ionic-plugin-deploy/zconf.h"; sourceTree = "<group>"; };
		C9FF04CF873547C88FC62384 /* GCDWebServerStreamedResponse.h */ = {isa = PBXFileReference; explicitFileType = undefined; fileEncoding = 4; includeInIndex = 0; lastKnownFileType = sourcecode.c.h; name = GCDWebServerStreamedResponse.h; path = "cordova-plugin-ionic-webview/GCDWebServerStreamedResponse.h"; sourceTree = "<group>"; };
		CB379C0089E24CEDA9C09AB0 /* GCDWebServerConnection.h */ = {isa = PBXFileReference; explicitFileType = undefined; fileEncoding = 4; includeInIndex = 0; lastKnownFileType = sourcecode.c.h; name = GCDWebServerConnection.h; path = "cordova-plugin-ionic-webview/GCDWebServerConnection.h"; sourceTree = "<group>"; };
		CCDF18B6AC204CD18B9FFDF7 /* gzlib.c */ = {isa = PBXFileReference; explicitFileType = undefined; fileEncoding = 9; includeInIndex = 0; lastKnownFileType = unknown; name = gzlib.c; path = "ionic-plugin-deploy/gzlib.c"; sourceTree = "<group>"; };
		CD2871F4F8DD4AEDB1F6358D /* zutil.h */ = {isa = PBXFileReference; explicitFileType = undefined; fileEncoding = 4; includeInIndex = 0; lastKnownFileType = sourcecode.c.h; name = zutil.h; path = "ionic-plugin-deploy/zutil.h"; sourceTree = "<group>"; };
		CD91E2C448E345E0BDF99E46 /* gzread.c */ = {isa = PBXFileReference; explicitFileType = undefined; fileEncoding = 9; includeInIndex = 0; lastKnownFileType = unknown; name = gzread.c; path = "ionic-plugin-deploy/gzread.c"; sourceTree = "<group>"; };
		CDF672A4B4E541B5B1E265A9 /* GCDWebServerFileRequest.h */ = {isa = PBXFileReference; explicitFileType = undefined; fileEncoding = 4; includeInIndex = 0; lastKnownFileType = sourcecode.c.h; name = GCDWebServerFileRequest.h; path = "cordova-plugin-ionic-webview/GCDWebServerFileRequest.h"; sourceTree = "<group>"; };
		CF5D327C077D4737B3CED905 /* GCDWebServerDataResponse.h */ = {isa = PBXFileReference; explicitFileType = undefined; fileEncoding = 4; includeInIndex = 0; lastKnownFileType = sourcecode.c.h; name = GCDWebServerDataResponse.h; path = "cordova-plugin-ionic-webview/GCDWebServerDataResponse.h"; sourceTree = "<group>"; };
		D0AEE346B02849E8BF9389DF /* QuartzCore.framework */ = {isa = PBXFileReference; explicitFileType = undefined; fileEncoding = 9; includeInIndex = 0; lastKnownFileType = wrapper.framework; name = QuartzCore.framework; path = System/Library/Frameworks/QuartzCore.framework; sourceTree = SDKROOT; };
		D17D1ABB397C4FB2801F5DE5 /* libc++.tbd */ = {isa = PBXFileReference; explicitFileType = undefined; fileEncoding = 9; includeInIndex = 0; lastKnownFileType = "sourcecode.text-based-dylib-definition"; name = "libc++.tbd"; path = "usr/lib/libc++.tbd"; sourceTree = SDKROOT; };
		D2C9403A864E4FBC9EAB220A /* GCDWebServerURLEncodedFormRequest.h */ = {isa = PBXFileReference; explicitFileType = undefined; fileEncoding = 4; includeInIndex = 0; lastKnownFileType = sourcecode.c.h; name = GCDWebServerURLEncodedFormRequest.h; path = "cordova-plugin-ionic-webview/GCDWebServerURLEncodedFormRequest.h"; sourceTree = "<group>"; };
		D32A3C830EA3416BADFFC6E5 /* Unirest-Prefix.pch */ = {isa = PBXFileReference; explicitFileType = undefined; fileEncoding = 4; includeInIndex = 0; lastKnownFileType = sourcecode.c.h; name = "Unirest-Prefix.pch"; path = "ionic-plugin-deploy/Unirest-Prefix.pch"; sourceTree = "<group>"; };
		D3EE3E464B0A4A5FA4A7EE3C /* inflate.h */ = {isa = PBXFileReference; explicitFileType = undefined; fileEncoding = 4; includeInIndex = 0; lastKnownFileType = sourcecode.c.h; name = inflate.h; path = "ionic-plugin-deploy/inflate.h"; sourceTree = "<group>"; };
		D585EE260BE448AFB3513CC4 /* CoreMotion.framework */ = {isa = PBXFileReference; explicitFileType = undefined; fileEncoding = 9; includeInIndex = 0; lastKnownFileType = wrapper.framework; name = CoreMotion.framework; path = System/Library/Frameworks/CoreMotion.framework; sourceTree = SDKROOT; };
		D58C6271EBD64A8EBC6A5EF8 /* CDVBarcodeScanner.mm */ = {isa = PBXFileReference; explicitFileType = undefined; fileEncoding = 9; includeInIndex = 0; lastKnownFileType = unknown; name = CDVBarcodeScanner.mm; path = "phonegap-plugin-barcodescanner/CDVBarcodeScanner.mm"; sourceTree = "<group>"; };
		D66079C9D5104483B1453347 /* CDVDevice.h */ = {isa = PBXFileReference; explicitFileType = undefined; fileEncoding = 4; includeInIndex = 0; lastKnownFileType = sourcecode.c.h; name = CDVDevice.h; path = "cordova-plugin-device/CDVDevice.h"; sourceTree = "<group>"; };
		D67EF1347E47485F8CB7EF4B /* UNIHTTPStringResponse.h */ = {isa = PBXFileReference; explicitFileType = undefined; fileEncoding = 4; includeInIndex = 0; lastKnownFileType = sourcecode.c.h; name = UNIHTTPStringResponse.h; path = "ionic-plugin-deploy/UNIHTTPStringResponse.h"; sourceTree = "<group>"; };
		D751A93137A1459F824655E6 /* AFURLRequestSerialization.h */ = {isa = PBXFileReference; explicitFileType = undefined; fileEncoding = 4; includeInIndex = 0; lastKnownFileType = sourcecode.c.h; name = AFURLRequestSerialization.h; path = "cordova-plugin-advanced-http/AFURLRequestSerialization.h"; sourceTree = "<group>"; };
		D8D8AD7B0ED944CDBBA11030 /* IonicDeploy.m */ = {isa = PBXFileReference; explicitFileType = undefined; fileEncoding = 4; includeInIndex = 0; lastKnownFileType = sourcecode.c.objc; name = IonicDeploy.m; path = "ionic-plugin-deploy/IonicDeploy.m"; sourceTree = "<group>"; };
		DA1579505F4E4E32B5B97175 /* UNIBaseRequest.h */ = {isa = PBXFileReference; explicitFileType = undefined; fileEncoding = 4; includeInIndex = 0; lastKnownFileType = sourcecode.c.h; name = UNIBaseRequest.h; path = "ionic-plugin-deploy/UNIBaseRequest.h"; sourceTree = "<group>"; };
		DB0350F4E36A4B75A0B59389 /* SSZipArchive.h */ = {isa = PBXFileReference; explicitFileType = undefined; fileEncoding = 4; includeInIndex = 0; lastKnownFileType = sourcecode.c.h; name = SSZipArchive.h; path = "ionic-plugin-deploy/SSZipArchive.h"; sourceTree = "<group>"; };
		DB6CB1786FC44CB7A5E0B4D0 /* Download.m */ = {isa = PBXFileReference; explicitFileType = undefined; fileEncoding = 4; includeInIndex = 0; lastKnownFileType = sourcecode.c.objc; name = Download.m; path = "ionic-plugin-deploy/Download.m"; sourceTree = "<group>"; };
		DBD7C1CAAD7B4CD79C1AB41C /* GCDWebServer.m */ = {isa = PBXFileReference; explicitFileType = undefined; fileEncoding = 4; includeInIndex = 0; lastKnownFileType = sourcecode.c.objc; name = GCDWebServer.m; path = "cordova-plugin-ionic-webview/GCDWebServer.m"; sourceTree = "<group>"; };
		E525861297D54C9ABF9F99C4 /* GCDWebServerErrorResponse.h */ = {isa = PBXFileReference; explicitFileType = undefined; fileEncoding = 4; includeInIndex = 0; lastKnownFileType = sourcecode.c.h; name = GCDWebServerErrorResponse.h; path = "cordova-plugin-ionic-webview/GCDWebServerErrorResponse.h"; sourceTree = "<group>"; };
		E817EFB570FC43AEAF562709 /* CDVViewController+SplashScreen.m */ = {isa = PBXFileReference; explicitFileType = undefined; fileEncoding = 4; includeInIndex = 0; lastKnownFileType = sourcecode.c.objc; name = "CDVViewController+SplashScreen.m"; path = "cordova-plugin-splashscreen/CDVViewController+SplashScreen.m"; sourceTree = "<group>"; };
		E8A78B08DA014A1EB6BAF8AF /* UNIRest.h */ = {isa = PBXFileReference; explicitFileType = undefined; fileEncoding = 4; includeInIndex = 0; lastKnownFileType = sourcecode.c.h; name = UNIRest.h; path = "ionic-plugin-deploy/UNIRest.h"; sourceTree = "<group>"; };
		E8D52B3300EB4F56B35B2086 /* IonicConstant.m */ = {isa = PBXFileReference; explicitFileType = undefined; fileEncoding = 4; includeInIndex = 0; lastKnownFileType = sourcecode.c.objc; name = IonicConstant.m; path = "ionic-plugin-deploy/IonicConstant.m"; sourceTree = "<group>"; };
		E96AAE5FFE7A4B48AC22C5F9 /* CDVSplashScreen.m */ = {isa = PBXFileReference; explicitFileType = undefined; fileEncoding = 4; includeInIndex = 0; lastKnownFileType = sourcecode.c.objc; name = CDVSplashScreen.m; path = "cordova-plugin-splashscreen/CDVSplashScreen.m"; sourceTree = "<group>"; };
		EB3B3CFCAA954527A7771C10 /* GCDWebServerStreamedResponse.m */ = {isa = PBXFileReference; explicitFileType = undefined; fileEncoding = 4; includeInIndex = 0; lastKnownFileType = sourcecode.c.objc; name = GCDWebServerStreamedResponse.m; path = "cordova-plugin-ionic-webview/GCDWebServerStreamedResponse.m"; sourceTree = "<group>"; };
		EB87FDF31871DA8E0020F90C /* www */ = {isa = PBXFileReference; lastKnownFileType = folder; name = www; path = ../../www; sourceTree = "<group>"; };
		EB87FDF41871DAF40020F90C /* config.xml */ = {isa = PBXFileReference; lastKnownFileType = text.xml; name = config.xml; path = ../../config.xml; sourceTree = "<group>"; };
		EBC744D0F7B848D880112BE4 /* AFSecurityPolicy.h */ = {isa = PBXFileReference; explicitFileType = undefined; fileEncoding = 4; includeInIndex = 0; lastKnownFileType = sourcecode.c.h; name = AFSecurityPolicy.h; path = "cordova-plugin-advanced-http/AFSecurityPolicy.h"; sourceTree = "<group>"; };
		ED33DF2A687741AEAF9F8254 /* Bridging-Header.h */ = {isa = PBXFileReference; fileEncoding = 4; lastKnownFileType = sourcecode.c.h; path = "Bridging-Header.h"; sourceTree = "<group>"; };
		F446C38527214007ABEFB0AD /* GCDWebServerPrivate.h */ = {isa = PBXFileReference; explicitFileType = undefined; fileEncoding = 4; includeInIndex = 0; lastKnownFileType = sourcecode.c.h; name = GCDWebServerPrivate.h; path = "cordova-plugin-ionic-webview/GCDWebServerPrivate.h"; sourceTree = "<group>"; };
		F4AD473F776B4646A4E8EB03 /* Foundation.framework */ = {isa = PBXFileReference; explicitFileType = undefined; fileEncoding = 9; includeInIndex = 0; lastKnownFileType = wrapper.framework; name = Foundation.framework; path = System/Library/Frameworks/Foundation.framework; sourceTree = SDKROOT; };
		F656FCFCC7464770952D254F /* CDVIonicKeyboard.m */ = {isa = PBXFileReference; explicitFileType = undefined; fileEncoding = 4; includeInIndex = 0; lastKnownFileType = sourcecode.c.objc; name = CDVIonicKeyboard.m; path = "cordova-plugin-ionic-keyboard/CDVIonicKeyboard.m"; sourceTree = "<group>"; };
		F6839862133549A998EE4D68 /* uncompr.c */ = {isa = PBXFileReference; explicitFileType = undefined; fileEncoding = 9; includeInIndex = 0; lastKnownFileType = unknown; name = uncompr.c; path = "ionic-plugin-deploy/uncompr.c"; sourceTree = "<group>"; };
		F6A25D754E114B399BE498D0 /* IonicDeploy.h */ = {isa = PBXFileReference; explicitFileType = undefined; fileEncoding = 4; includeInIndex = 0; lastKnownFileType = sourcecode.c.h; name = IonicDeploy.h; path = "ionic-plugin-deploy/IonicDeploy.h"; sourceTree = "<group>"; };
		F840E1F0165FE0F500CFE078 /* config.xml */ = {isa = PBXFileReference; lastKnownFileType = text.xml; name = config.xml; path = 4.0/config.xml; sourceTree = "<group>"; };
		F8BD574E50DF4D4396FF961C /* UNISimpleRequest.h */ = {isa = PBXFileReference; explicitFileType = undefined; fileEncoding = 4; includeInIndex = 0; lastKnownFileType = sourcecode.c.h; name = UNISimpleRequest.h; path = "ionic-plugin-deploy/UNISimpleRequest.h"; sourceTree = "<group>"; };
		F8D068A1F79F4AC8BF15987A /* unzip.h */ = {isa = PBXFileReference; explicitFileType = undefined; fileEncoding = 4; includeInIndex = 0; lastKnownFileType = sourcecode.c.h; name = unzip.h; path = "ionic-plugin-deploy/unzip.h"; sourceTree = "<group>"; };
		F8DAD25EF1574608A830EF32 /* GCDWebServerFileResponse.h */ = {isa = PBXFileReference; explicitFileType = undefined; fileEncoding = 4; includeInIndex = 0; lastKnownFileType = sourcecode.c.h; name = GCDWebServerFileResponse.h; path = "cordova-plugin-ionic-webview/GCDWebServerFileResponse.h"; sourceTree = "<group>"; };
		F95B98E89355467D8A5CDDB7 /* GCDWebServerMultiPartFormRequest.m */ = {isa = PBXFileReference; explicitFileType = undefined; fileEncoding = 4; includeInIndex = 0; lastKnownFileType = sourcecode.c.objc; name = GCDWebServerMultiPartFormRequest.m; path = "cordova-plugin-ionic-webview/GCDWebServerMultiPartFormRequest.m"; sourceTree = "<group>"; };
		FA1EA5EE82D14E83A96BDDBF /* inftrees.h */ = {isa = PBXFileReference; explicitFileType = undefined; fileEncoding = 4; includeInIndex = 0; lastKnownFileType = sourcecode.c.h; name = inftrees.h; path = "ionic-plugin-deploy/inftrees.h"; sourceTree = "<group>"; };
		FA22812A29684E4AA309FF53 /* GCDWebServerFunctions.m */ = {isa = PBXFileReference; explicitFileType = undefined; fileEncoding = 4; includeInIndex = 0; lastKnownFileType = sourcecode.c.objc; name = GCDWebServerFunctions.m; path = "cordova-plugin-ionic-webview/GCDWebServerFunctions.m"; sourceTree = "<group>"; };
		FAE2059DCDA34F4D9CCA0498 /* AlipaySDK.framework */ = {isa = PBXFileReference; explicitFileType = undefined; fileEncoding = 9; includeInIndex = 0; lastKnownFileType = wrapper.framework; name = AlipaySDK.framework; path = "4.0/Plugins/cordova-plugin-alipay-v2/AlipaySDK.framework"; sourceTree = "<group>"; };
		FB8851BE277A484E89502AAC /* GCDWebServerURLEncodedFormRequest.m */ = {isa = PBXFileReference; explicitFileType = undefined; fileEncoding = 4; includeInIndex = 0; lastKnownFileType = sourcecode.c.objc; name = GCDWebServerURLEncodedFormRequest.m; path = "cordova-plugin-ionic-webview/GCDWebServerURLEncodedFormRequest.m"; sourceTree = "<group>"; };
		FCF6DE10248C472CA5C2C1DB /* crc32.h */ = {isa = PBXFileReference; explicitFileType = undefined; fileEncoding = 4; includeInIndex = 0; lastKnownFileType = sourcecode.c.h; name = crc32.h; path = "ionic-plugin-deploy/crc32.h"; sourceTree = "<group>"; };
		FDA4213DC8A1441EAEBA82B6 /* GCDWebServerRequest.m */ = {isa = PBXFileReference; explicitFileType = undefined; fileEncoding = 4; includeInIndex = 0; lastKnownFileType = sourcecode.c.objc; name = GCDWebServerRequest.m; path = "cordova-plugin-ionic-webview/GCDWebServerRequest.m"; sourceTree = "<group>"; };
		FE5774FDE5094E6CA0F27558 /* GCDWebServerDataRequest.h */ = {isa = PBXFileReference; explicitFileType = undefined; fileEncoding = 4; includeInIndex = 0; lastKnownFileType = sourcecode.c.h; name = GCDWebServerDataRequest.h; path = "cordova-plugin-ionic-webview/GCDWebServerDataRequest.h"; sourceTree = "<group>"; };
		FEA19BBD5B4D42EB9DCC4886 /* CDVFile.m */ = {isa = PBXFileReference; explicitFileType = undefined; fileEncoding = 4; includeInIndex = 0; lastKnownFileType = sourcecode.c.objc; name = CDVFile.m; path = "cordova-plugin-file/CDVFile.m"; sourceTree = "<group>"; };
		FF1115D944D64A669D0FB379 /* UNIBodyRequest.h */ = {isa = PBXFileReference; explicitFileType = undefined; fileEncoding = 4; includeInIndex = 0; lastKnownFileType = sourcecode.c.h; name = UNIBodyRequest.h; path = "ionic-plugin-deploy/UNIBodyRequest.h"; sourceTree = "<group>"; };
/* End PBXFileReference section */

/* Begin PBXFrameworksBuildPhase section */
		1D60588F0D05DD3D006BFB54 /* Frameworks */ = {
			isa = PBXFrameworksBuildPhase;
			buildActionMask = 2147483647;
			files = (
				301BF552109A68D80062928A /* libCordova.a in Frameworks */,
				DF676BFE631540CA9429B486 /* CFNetwork.framework in Frameworks */,
				7CB3C7CF4D70416E9446B44C /* SystemConfiguration.framework in Frameworks */,
				D9A7074976BB4C9697B56826 /* WebKit.framework in Frameworks */,
				B65379B7FFA843229AC8ABD0 /* Security.framework in Frameworks */,
				2DDEF4295C2F484C9A5CAD90 /* CoreTelephony.framework in Frameworks */,
				BFE90352BFCF4A11B1300A57 /* CoreMotion.framework in Frameworks */,
				885AB5D8992C4A35ACC71FFB /* libc++.tbd in Frameworks */,
				88A60CD14362474890904282 /* libz.tbd in Frameworks */,
				C9211548FA45417BAC5EFC26 /* CoreText.framework in Frameworks */,
				4E7977C5168341FD9CE5C41E /* UIKit.framework in Frameworks */,
				DB83BF90E2BB4B81B54EB7C7 /* QuartzCore.framework in Frameworks */,
				8F92A0D704BD4B5C8E03A051 /* Foundation.framework in Frameworks */,
				8D85F25D19BE4107BDD08CC4 /* AlipaySDK.framework in Frameworks */,
				AD6B28E26C05428EBA231866 /* ImageIO.framework in Frameworks */,
				A388934309B24002AC562D54 /* CoreLocation.framework in Frameworks */,
				FF3B1E042945418880E54872 /* AVFoundation.framework in Frameworks */,
			);
			runOnlyForDeploymentPostprocessing = 0;
		};
/* End PBXFrameworksBuildPhase section */

/* Begin PBXGroup section */
		080E96DDFE201D6D7F000001 /* Classes */ = {
			isa = PBXGroup;
			children = (
				302D95EE14D2391D003F00A1 /* MainViewController.h */,
				302D95EF14D2391D003F00A1 /* MainViewController.m */,
				302D95F014D2391D003F00A1 /* MainViewController.xib */,
				1D3623240D0F684500981E51 /* AppDelegate.h */,
				1D3623250D0F684500981E51 /* AppDelegate.m */,
			);
			name = Classes;
			path = 4.0/Classes;
			sourceTree = SOURCE_ROOT;
		};
		19C28FACFE9D520D11CA2CBB /* Products */ = {
			isa = PBXGroup;
			children = (
				1D6058910D05DD3D006BFB54 /* 4.0.app */,
			);
			name = Products;
			sourceTree = "<group>";
		};
		29B97314FDCFA39411CA2CEA /* CustomTemplate */ = {
			isa = PBXGroup;
			children = (
				EB87FDF41871DAF40020F90C /* config.xml */,
				EB87FDF31871DA8E0020F90C /* www */,
				EB87FDF11871DA420020F90C /* Staging */,
				301BF52D109A57CC0062928A /* CordovaLib/CordovaLib.xcodeproj */,
				080E96DDFE201D6D7F000001 /* Classes */,
				307C750510C5A3420062BCA9 /* Plugins */,
				29B97315FDCFA39411CA2CEA /* Other Sources */,
				29B97317FDCFA39411CA2CEA /* Resources */,
				29B97323FDCFA39411CA2CEA /* Frameworks */,
				19C28FACFE9D520D11CA2CBB /* Products */,
			);
			name = CustomTemplate;
			sourceTree = "<group>";
		};
		29B97315FDCFA39411CA2CEA /* Other Sources */ = {
			isa = PBXGroup;
			children = (
				32CA4F630368D1EE00C91783 /* 4.0-Prefix.pch */,
				29B97316FDCFA39411CA2CEA /* main.m */,
				ED33DF2A687741AEAF9F8254 /* Bridging-Header.h */,
			);
			name = "Other Sources";
			path = 4.0;
			sourceTree = "<group>";
		};
		29B97317FDCFA39411CA2CEA /* Resources */ = {
			isa = PBXGroup;
			children = (
				0207DA571B56EA530066E2B4 /* Images.xcassets */,
				3047A50E1AB8057F00498E2A /* config */,
				8D1107310486CEB800E47090 /* 4.0-Info.plist */,
				6AFF5BF81D6E424B00AB3073 /* CDVLaunchScreen.storyboard */,
				4E75752AF0874EF9B640707A /* AlipaySDK.bundle */,
				13525DB73BDF4199BF201998 /* scannerOverlay.xib */,
				AB0C5F9F030B403FB3F84F1A /* CDVBarcodeScanner.bundle */,
			);
			name = Resources;
			path = 4.0/Resources;
			sourceTree = "<group>";
		};
		29B97323FDCFA39411CA2CEA /* Frameworks */ = {
			isa = PBXGroup;
			children = (
				0A63059C011D4D708136AE97 /* CFNetwork.framework */,
				4C8425C5036C40719D976929 /* SystemConfiguration.framework */,
				8B98DBC0C4F545DF8FC28902 /* WebKit.framework */,
				9AB9094CD6614D0DAB22A44D /* Security.framework */,
				90D9AACADF6F4351A8AD7270 /* CoreTelephony.framework */,
				D585EE260BE448AFB3513CC4 /* CoreMotion.framework */,
				D17D1ABB397C4FB2801F5DE5 /* libc++.tbd */,
				B517FA5E012D4923AE82F980 /* libz.tbd */,
				B842FFF4B6A84FE1B7EDE963 /* CoreText.framework */,
				6CA119BCD2D640CFB4A4AC49 /* UIKit.framework */,
				D0AEE346B02849E8BF9389DF /* QuartzCore.framework */,
				F4AD473F776B4646A4E8EB03 /* Foundation.framework */,
				FAE2059DCDA34F4D9CCA0498 /* AlipaySDK.framework */,
				4EF6785C33BF4182BD534D57 /* ImageIO.framework */,
				8701DC2DDC3D4BED9A15194A /* CoreLocation.framework */,
				4F5C1C383944438787741B9F /* AVFoundation.framework */,
			);
			name = Frameworks;
			sourceTree = "<group>";
		};
		301BF52E109A57CC0062928A /* Products */ = {
			isa = PBXGroup;
			children = (
				301BF535109A57CC0062928A /* libCordova.a */,
				B1A149DE21102F3800EE774E /* Cordova.framework */,
			);
			name = Products;
			sourceTree = "<group>";
		};
		3047A50E1AB8057F00498E2A /* config */ = {
			isa = PBXGroup;
			children = (
				3047A50F1AB8059700498E2A /* build-debug.xcconfig */,
				3047A5101AB8059700498E2A /* build-release.xcconfig */,
				3047A5111AB8059700498E2A /* build.xcconfig */,
			);
			name = config;
			sourceTree = "<group>";
		};
		307C750510C5A3420062BCA9 /* Plugins */ = {
			isa = PBXGroup;
			children = (
				FEA19BBD5B4D42EB9DCC4886 /* CDVFile.m */,
				96EA313752E647389293B3EA /* CDVLocalFilesystem.m */,
				3BABBA63168C41F1824EA83C /* CDVAssetLibraryFilesystem.m */,
				1E492265B07E40319CEC3004 /* CDVFile.h */,
				32B34FA4FDFD48F083CC0074 /* CDVLocalFilesystem.h */,
				0161FA6757534AD0B00AB16F /* CDVAssetLibraryFilesystem.h */,
				AEA4D471D2DE479590E4D7C9 /* CordovaHttpPlugin.m */,
				5D72190E6C5E4D70B945BE73 /* TextResponseSerializer.m */,
				87664BF5B03C4FC180D5B5E1 /* TextRequestSerializer.m */,
				25FE444A233440E6B4585CB8 /* AFHTTPSessionManager.m */,
				010EA530F0CE40D383D44862 /* AFNetworkReachabilityManager.m */,
				423A2B9E80C149CEA137E44B /* AFSecurityPolicy.m */,
				A2D7163104174E28A86847BC /* AFURLRequestSerialization.m */,
				C17AA411A4424CD2BEFC10EC /* AFURLResponseSerialization.m */,
				50DA6894980F4E79846878BD /* AFURLSessionManager.m */,
				4F3F02E2646D40B8B60870ED /* CordovaHttpPlugin.h */,
				081E84090B1D41C38F6DAC69 /* TextResponseSerializer.h */,
				C3ED6C79504D4D69B2D2F114 /* TextRequestSerializer.h */,
				0714EB8928694F0882E43899 /* AFHTTPSessionManager.h */,
				6D8194EA0FA34752BB173B38 /* AFNetworking.h */,
				B4F42EDA12C14CB5AF6ACF91 /* AFNetworkReachabilityManager.h */,
				EBC744D0F7B848D880112BE4 /* AFSecurityPolicy.h */,
				D751A93137A1459F824655E6 /* AFURLRequestSerialization.h */,
				6EF92AF8991B40B6B282A585 /* AFURLResponseSerialization.h */,
				8F2A13DA2D85428D99E047F4 /* AFURLSessionManager.h */,
				61E1C0B85B234D9B830983DF /* alipay.m */,
				891FA435FCA9442FA6F80D9E /* UIImage+CropScaleOrientation.m */,
				4F9612DA865C41798FF74F69 /* CDVCamera.m */,
				76B89F2DA3C8406A80637DCE /* CDVJpegHeaderWriter.m */,
				3233BC34880F46448955071F /* UIImage+CropScaleOrientation.h */,
				A5CA3A26943D4C1494CD16CC /* CDVCamera.h */,
				0C5142FA52B64A54A3F85775 /* CDVJpegHeaderWriter.h */,
				2FE6C74A7F9A4E7E92AEC6B4 /* CDVExif.h */,
				9B81292BAE2647EFAA5E6924 /* CDVDevice.m */,
				D66079C9D5104483B1453347 /* CDVDevice.h */,
				8D80F37F2AE94DA582AAE0BE /* CDVFileTransfer.m */,
				96DBA070DF834B9CB1AFF1BB /* CDVFileTransfer.h */,
				F656FCFCC7464770952D254F /* CDVIonicKeyboard.m */,
				41066D1CA9384D58870534E8 /* CDVIonicKeyboard.h */,
				DBD7C1CAAD7B4CD79C1AB41C /* GCDWebServer.m */,
				80DC8C56E5154664B53D9DA2 /* GCDWebServerConnection.m */,
				FA22812A29684E4AA309FF53 /* GCDWebServerFunctions.m */,
				FDA4213DC8A1441EAEBA82B6 /* GCDWebServerRequest.m */,
				2B329648942E4C3C850393C7 /* GCDWebServerResponse.m */,
				A372C34D99FF49F9A7C6F46A /* GCDWebServerDataRequest.m */,
				872D2810A6244165A860EC61 /* GCDWebServerFileRequest.m */,
				F95B98E89355467D8A5CDDB7 /* GCDWebServerMultiPartFormRequest.m */,
				FB8851BE277A484E89502AAC /* GCDWebServerURLEncodedFormRequest.m */,
				2D233C411FBF4DCCA68D52E2 /* GCDWebServerDataResponse.m */,
				54B8202B62B44DEABA6C79C0 /* GCDWebServerErrorResponse.m */,
				8066C6BA6A1841E0AA611F6F /* GCDWebServerFileResponse.m */,
				EB3B3CFCAA954527A7771C10 /* GCDWebServerStreamedResponse.m */,
				3C403D4FA156435EB3E4BC8E /* GCDWebServer.h */,
				CB379C0089E24CEDA9C09AB0 /* GCDWebServerConnection.h */,
				808625FFEA4B49C4ADB5C7A6 /* GCDWebServerFunctions.h */,
				88AE9365A6FB4152ABC3B579 /* GCDWebServerHTTPStatusCodes.h */,
				F446C38527214007ABEFB0AD /* GCDWebServerPrivate.h */,
				C8523321A6944CFCA245E2B1 /* GCDWebServerRequest.h */,
				3BC9D121BD0D4DA8ACF3CAD9 /* GCDWebServerResponse.h */,
				FE5774FDE5094E6CA0F27558 /* GCDWebServerDataRequest.h */,
				CDF672A4B4E541B5B1E265A9 /* GCDWebServerFileRequest.h */,
				73B1C855E7F041C78EA1CF17 /* GCDWebServerMultiPartFormRequest.h */,
				D2C9403A864E4FBC9EAB220A /* GCDWebServerURLEncodedFormRequest.h */,
				CF5D327C077D4737B3CED905 /* GCDWebServerDataResponse.h */,
				E525861297D54C9ABF9F99C4 /* GCDWebServerErrorResponse.h */,
				F8DAD25EF1574608A830EF32 /* GCDWebServerFileResponse.h */,
				C9FF04CF873547C88FC62384 /* GCDWebServerStreamedResponse.h */,
				E96AAE5FFE7A4B48AC22C5F9 /* CDVSplashScreen.m */,
				E817EFB570FC43AEAF562709 /* CDVViewController+SplashScreen.m */,
				4160670DB3424A64B7584E7C /* CDVSplashScreen.h */,
				C4A360F2CC604862B60C9ED7 /* CDVViewController+SplashScreen.h */,
				38CAA61C26BE4E60ADDEFF63 /* Toast+UIView.m */,
				C8E84573902E4A01B9FAD9E2 /* Toast.m */,
				C3D95A4FFE654B84B0DE4B2B /* Toast+UIView.h */,
				C8AE42F8FEFC4466A512EF29 /* Toast.h */,
				E8D52B3300EB4F56B35B2086 /* IonicConstant.m */,
				D8D8AD7B0ED944CDBBA11030 /* IonicDeploy.m */,
				DB6CB1786FC44CB7A5E0B4D0 /* Download.m */,
				6BAF83E9095449C4B4D58570 /* DownloadManager.m */,
				68ACCCA0C27D45AABA1ECF7C /* SSZipArchive.m */,
				08EB147BD38242CAAD2DEBF1 /* ioapi.c */,
				405CCDD395474682BA90E3B1 /* unzip.c */,
				C76375808B2B42528E70EA1D /* zip.c */,
				87C671DC418B4E0C90EC0772 /* adler32.c */,
				46EE188F8A1D4C1EB5E569C3 /* compress.c */,
				1C129F2F8DA444EB816C4242 /* crc32.c */,
				BAAC0C1E5B2A431C965972C8 /* deflate.c */,
				870F2B96B94441ECADB0A674 /* gzclose.c */,
				CCDF18B6AC204CD18B9FFDF7 /* gzlib.c */,
				CD91E2C448E345E0BDF99E46 /* gzread.c */,
				8E7D9C2F120240D4ACA3C2B2 /* gzwrite.c */,
				49AA680F14F34CC9B64E0153 /* infback.c */,
				73D725A025904DD1AD2379A4 /* inffast.c */,
				2B564873A56549A98BCDEE3B /* inflate.c */,
				65EA20A7C2854D909B982D0A /* inftrees.c */,
				C6FD4E715B0743D6801D3C18 /* trees.c */,
				F6839862133549A998EE4D68 /* uncompr.c */,
				B8722CD9031C4DC198BDB070 /* zutil.c */,
				B72C22772EFE4A2B88003B0C /* Base64.m */,
				0226F6E0690A4D5386138CE4 /* UNIHTTPClientHelper.m */,
				2436DB1F0E5541EB8DA96EE8 /* UNIHTTPRequest.m */,
				45F56BACC3DD4A1FB8119887 /* UNIHTTPRequestWithBody.m */,
				2983634EC3B441A9A9A2F27D /* UNIRest.m */,
				0A084EE6CE364DC98320272A /* UNIUrlConnection.m */,
				A82AE7A3E85F4678B028B22D /* UNIBaseRequest.m */,
				600BA8A2E0CC4E68B7FCB585 /* UNIBodyRequest.m */,
				61F2504E812B4F53A4793CA4 /* UNISimpleRequest.m */,
				5C6FFB0F89BC4F2E80C85127 /* UNIHTTPBinaryResponse.m */,
				5DE641905AF5482D886D5714 /* UNIHTTPJsonResponse.m */,
				AA57E38FCD0F473FA5AF67F5 /* UNIHTTPResponse.m */,
				0C91404DDB86439B97A7AE89 /* UNIHTTPStringResponse.m */,
				796495A8BC2F403D9E272A0F /* UNIJsonNode.m */,
				BF829467EAD2407CA50C8683 /* IonicConstant.h */,
				F6A25D754E114B399BE498D0 /* IonicDeploy.h */,
				49F0A5BF9C0C4FFB835CF278 /* Download.h */,
				73EDD69CB46D47A986523D7A /* DownloadManager.h */,
				DB0350F4E36A4B75A0B59389 /* SSZipArchive.h */,
				8E50BAF79C2646909342E39C /* ARCHelper.h */,
				9CA62158AA8442A58429996E /* crypt.h */,
				82EE6C5B64CD401498862A64 /* ioapi.h */,
				F8D068A1F79F4AC8BF15987A /* unzip.h */,
				0B9E1F56EDCF487F9E91E2E9 /* zip.h */,
				FCF6DE10248C472CA5C2C1DB /* crc32.h */,
				B0CB559FA2B543DD84D9949B /* deflate.h */,
				A58758EB4B79451F92DC3926 /* gzguts.h */,
				2DCABFCCF661479BAC6FBE4C /* inffast.h */,
				551AF693D2B94ED6851828E7 /* inffixed.h */,
				D3EE3E464B0A4A5FA4A7EE3C /* inflate.h */,
				FA1EA5EE82D14E83A96BDDBF /* inftrees.h */,
				7CAB5B1665574169990DE252 /* trees.h */,
				C98B4709FE3D4DF08125125C /* zconf.h */,
				22B00F384D2642E5B1FE9F16 /* zlib.h */,
				CD2871F4F8DD4AEDB1F6358D /* zutil.h */,
				645B8B0FD5CE498DA853CDA4 /* Base64.h */,
				62F1E075912845399EC98394 /* UNIHTTPClientHelper.h */,
				6C0D8D865059433199C3C8EE /* UNIHTTPRequest.h */,
				2EC8FDA53BDA41BD99B267F2 /* UNIHTTPRequestWithBody.h */,
				D32A3C830EA3416BADFFC6E5 /* Unirest-Prefix.pch */,
				E8A78B08DA014A1EB6BAF8AF /* UNIRest.h */,
				13E5B14DDF5D4AFE9BFEE3C2 /* UNIUrlConnection.h */,
				DA1579505F4E4E32B5B97175 /* UNIBaseRequest.h */,
				FF1115D944D64A669D0FB379 /* UNIBodyRequest.h */,
				F8BD574E50DF4D4396FF961C /* UNISimpleRequest.h */,
				BED3FDCFC3FB44C3ADF4621F /* UNIHTTPBinaryResponse.h */,
				6C77F7F5C97743F2B386C0F0 /* UNIHTTPJsonResponse.h */,
				83A21A62E1E4404EA022B6BE /* UNIHTTPResponse.h */,
				D67EF1347E47485F8CB7EF4B /* UNIHTTPStringResponse.h */,
				934712B0DEA5466FBBBD7A2F /* UNIJsonNode.h */,
				D58C6271EBD64A8EBC6A5EF8 /* CDVBarcodeScanner.mm */,
				69AE6EDC41DC4F59B4382372 /* CDVWKWebViewEngine.m */,
				004F19DD167B4BAD9999D9DC /* CDVWKWebViewUIDelegate.m */,
				3800074F4F554A4AA6DA3863 /* CDVWKProcessPoolFactory.m */,
				C0336CE4C49949A6B3A9D5E5 /* CDVWKWebViewEngine.h */,
				62E7FF32E08741359892F8C1 /* CDVWKWebViewUIDelegate.h */,
				2BA76F7088C6430DB4200EF4 /* CDVWKProcessPoolFactory.h */,
			);
			name = Plugins;
			path = 4.0/Plugins;
			sourceTree = SOURCE_ROOT;
		};
		EB87FDF11871DA420020F90C /* Staging */ = {
			isa = PBXGroup;
			children = (
				F840E1F0165FE0F500CFE078 /* config.xml */,
				301BF56E109A69640062928A /* www */,
			);
			name = Staging;
			sourceTree = "<group>";
		};
/* End PBXGroup section */

/* Begin PBXNativeTarget section */
		1D6058900D05DD3D006BFB54 /* 4.0 */ = {
			isa = PBXNativeTarget;
			buildConfigurationList = 1D6058960D05DD3E006BFB54 /* Build configuration list for PBXNativeTarget "4.0" */;
			buildPhases = (
				304B58A110DAC018002A0835 /* Copy www directory */,
				1D60588D0D05DD3D006BFB54 /* Resources */,
				1D60588E0D05DD3D006BFB54 /* Sources */,
				1D60588F0D05DD3D006BFB54 /* Frameworks */,
			);
			buildRules = (
			);
			dependencies = (
				301BF551109A68C00062928A /* PBXTargetDependency */,
			);
			name = 4.0;
			productName = 4.0;
			productReference = 1D6058910D05DD3D006BFB54 /* 4.0.app */;
			productType = "com.apple.product-type.application";
		};
/* End PBXNativeTarget section */

/* Begin PBXProject section */
		29B97313FDCFA39411CA2CEA /* Project object */ = {
			isa = PBXProject;
			attributes = {
				LastUpgradeCheck = 510;
			};
			buildConfigurationList = C01FCF4E08A954540054247B /* Build configuration list for PBXProject "4.0" */;
			compatibilityVersion = "Xcode 3.2";
			developmentRegion = English;
			hasScannedForEncodings = 1;
			knownRegions = (
				en,
			);
			mainGroup = 29B97314FDCFA39411CA2CEA /* CustomTemplate */;
			projectDirPath = "";
			projectReferences = (
				{
					ProductGroup = 301BF52E109A57CC0062928A /* Products */;
					ProjectRef = 301BF52D109A57CC0062928A /* CordovaLib/CordovaLib.xcodeproj */;
				},
			);
			projectRoot = "";
			targets = (
				1D6058900D05DD3D006BFB54 /* 4.0 */,
			);
		};
/* End PBXProject section */

/* Begin PBXReferenceProxy section */
		301BF535109A57CC0062928A /* libCordova.a */ = {
			isa = PBXReferenceProxy;
			fileType = archive.ar;
			path = libCordova.a;
			remoteRef = 301BF534109A57CC0062928A /* PBXContainerItemProxy */;
			sourceTree = BUILT_PRODUCTS_DIR;
		};
		B1A149DE21102F3800EE774E /* Cordova.framework */ = {
			isa = PBXReferenceProxy;
			fileType = wrapper.framework;
			path = Cordova.framework;
			remoteRef = B1A149DD21102F3800EE774E /* PBXContainerItemProxy */;
			sourceTree = BUILT_PRODUCTS_DIR;
		};
/* End PBXReferenceProxy section */

/* Begin PBXResourcesBuildPhase section */
		1D60588D0D05DD3D006BFB54 /* Resources */ = {
			isa = PBXResourcesBuildPhase;
			buildActionMask = 2147483647;
			files = (
				302D95F214D2391D003F00A1 /* MainViewController.xib in Resources */,
				0207DA581B56EA530066E2B4 /* Images.xcassets in Resources */,
				6AFF5BF91D6E424B00AB3073 /* CDVLaunchScreen.storyboard in Resources */,
				7FE8F44F15FA4B2ABB859C3E /* AlipaySDK.bundle in Resources */,
				24D972125E284AC789AF79B9 /* scannerOverlay.xib in Resources */,
				890ED7DFDABD4A7F8862DB79 /* CDVBarcodeScanner.bundle in Resources */,
			);
			runOnlyForDeploymentPostprocessing = 0;
		};
/* End PBXResourcesBuildPhase section */

/* Begin PBXShellScriptBuildPhase section */
		304B58A110DAC018002A0835 /* Copy www directory */ = {
			isa = PBXShellScriptBuildPhase;
			buildActionMask = 2147483647;
			files = (
			);
			inputPaths = (
			);
			name = "Copy www directory";
			outputPaths = (
			);
			runOnlyForDeploymentPostprocessing = 0;
			shellPath = /bin/sh;
			shellScript = "NODEJS_PATH=/usr/local/bin; NVM_NODE_PATH=~/.nvm/versions/node/`nvm version 2>/dev/null`/bin; N_NODE_PATH=`find /usr/local/n/versions/node/* -maxdepth 0 -type d 2>/dev/null | tail -1`/bin; XCODE_NODE_PATH=`xcode-select --print-path`/usr/share/xcs/Node/bin; PATH=$NODEJS_PATH:$NVM_NODE_PATH:$N_NODE_PATH:$XCODE_NODE_PATH:$PATH && node cordova/lib/copy-www-build-step.js";
			showEnvVarsInLog = 0;
		};
/* End PBXShellScriptBuildPhase section */

/* Begin PBXSourcesBuildPhase section */
		1D60588E0D05DD3D006BFB54 /* Sources */ = {
			isa = PBXSourcesBuildPhase;
			buildActionMask = 2147483647;
			files = (
				1D60589B0D05DD56006BFB54 /* main.m in Sources */,
				1D3623260D0F684500981E51 /* AppDelegate.m in Sources */,
				302D95F114D2391D003F00A1 /* MainViewController.m in Sources */,
				3CA8C79E1582421BB408D9FD /* CDVFile.m in Sources */,
				9B644E38E6E84B48B7FCBEB6 /* CDVLocalFilesystem.m in Sources */,
				00146A7FCC7E4E6B88AF3709 /* CDVAssetLibraryFilesystem.m in Sources */,
				13C9EA9C225A47AFAD6165F7 /* CordovaHttpPlugin.m in Sources */,
				20F36AF91CAB43929DE22CE2 /* TextResponseSerializer.m in Sources */,
				D8A9E78EFDEF4117A456032C /* TextRequestSerializer.m in Sources */,
				EF054C8EA82B481482027799 /* AFHTTPSessionManager.m in Sources */,
				B03F41C53323478CBF51A596 /* AFNetworkReachabilityManager.m in Sources */,
				84B320194B814DD7A83D66C8 /* AFSecurityPolicy.m in Sources */,
				74EBDC2356834BD79F14BD83 /* AFURLRequestSerialization.m in Sources */,
				9515CEE9CB4F46309BC74B43 /* AFURLResponseSerialization.m in Sources */,
				F6CFA357F8784F66B1A95C05 /* AFURLSessionManager.m in Sources */,
				551AFC2CEBE14720A0B73540 /* alipay.m in Sources */,
				7BFE75BE91F848CA89207C37 /* UIImage+CropScaleOrientation.m in Sources */,
				1F40FA3D372648E5B5E09353 /* CDVCamera.m in Sources */,
				F6433BDBF187471BB573C6FA /* CDVJpegHeaderWriter.m in Sources */,
				C99513B0E7FB472BA34794AB /* CDVDevice.m in Sources */,
				5F905D33ED8648898E9BFA6C /* CDVFileTransfer.m in Sources */,
				440CFF3DC1EA47E6AF16B369 /* CDVIonicKeyboard.m in Sources */,
				5630F046C40E42C3B5294B29 /* GCDWebServer.m in Sources */,
				6A171568B9244602A5C80463 /* GCDWebServerConnection.m in Sources */,
				4DF092ABEF114A299B95FDDD /* GCDWebServerFunctions.m in Sources */,
				0D25AFC2F1384DAB82E41B5C /* GCDWebServerRequest.m in Sources */,
				78863EBCCB3F41298C92D429 /* GCDWebServerResponse.m in Sources */,
				C04523A7785E4D8792142774 /* GCDWebServerDataRequest.m in Sources */,
				A48A1FC2A1A14A71B0ADD5D3 /* GCDWebServerFileRequest.m in Sources */,
				5B273A4D17E343D8A8A0B9A2 /* GCDWebServerMultiPartFormRequest.m in Sources */,
				5766318699E846DCA4A051C9 /* GCDWebServerURLEncodedFormRequest.m in Sources */,
				A8890D228E9F495B95EC0069 /* GCDWebServerDataResponse.m in Sources */,
				99955C77F88A4BC493A48CB3 /* GCDWebServerErrorResponse.m in Sources */,
				C9C354D15883438385044338 /* GCDWebServerFileResponse.m in Sources */,
				81AA748F8C3D4335B5884504 /* GCDWebServerStreamedResponse.m in Sources */,
				27B83807784C4259ABDA24CC /* CDVSplashScreen.m in Sources */,
				59F266FCC8D246D9BDC5536D /* CDVViewController+SplashScreen.m in Sources */,
				84589CAFD6DC4082967B04FC /* Toast+UIView.m in Sources */,
				6D1E0DF912114822AC42F49D /* Toast.m in Sources */,
				B1B3A9589E1B4071983503B5 /* IonicConstant.m in Sources */,
				A0F1AF84A84D4F29A9EEEC5C /* IonicDeploy.m in Sources */,
				0D3F9296474C4C3887F3DCBA /* Download.m in Sources */,
				F50817ED8F8C47929B723313 /* DownloadManager.m in Sources */,
				331760A2DCAA4C0193F60BCA /* SSZipArchive.m in Sources */,
				14127AE3AA034E0CBF31682D /* ioapi.c in Sources */,
				192E19ABF8224B7C80A06FDF /* unzip.c in Sources */,
				E7DC4962EB234AD5B8182942 /* zip.c in Sources */,
				2B7A2A18207149548D5AD8C1 /* adler32.c in Sources */,
				84416E0C694D4F3DBD1666DA /* compress.c in Sources */,
				542E84DA06BA4B98BC32D864 /* crc32.c in Sources */,
				82A9127C31964837BD31530B /* deflate.c in Sources */,
				BE7C1D755BD94F7EB7013B69 /* gzclose.c in Sources */,
				7718E746A723466795E485E8 /* gzlib.c in Sources */,
				0A6886A931DE4FDCA6FB7A06 /* gzread.c in Sources */,
				D5BF33EE673648AC8925665E /* gzwrite.c in Sources */,
				611F15DE0A5F495BAABC8AC6 /* infback.c in Sources */,
				AF8828FBF8C94891A9D7FA8E /* inffast.c in Sources */,
				E7D8D4D5C0A141F08C570285 /* inflate.c in Sources */,
				043BE37C603A48C693898783 /* inftrees.c in Sources */,
				2C121D790E354967AFD901BE /* trees.c in Sources */,
				69A99881AE084FACAEBB5C25 /* uncompr.c in Sources */,
				025EDC3DB9E9419EA64E1901 /* zutil.c in Sources */,
				988879B8FC504AAF88B1FA73 /* Base64.m in Sources */,
				91D5FFA921354D338ABF7617 /* UNIHTTPClientHelper.m in Sources */,
				17F34CB1C7964D1CA16C00FA /* UNIHTTPRequest.m in Sources */,
				0D4E857364BB4AD0A02B6FD1 /* UNIHTTPRequestWithBody.m in Sources */,
				3AEB43A04FB94D389D9FBFF9 /* UNIRest.m in Sources */,
				E986507224DD48D7B9368EDB /* UNIUrlConnection.m in Sources */,
				BE0000E8010D42B98F099472 /* UNIBaseRequest.m in Sources */,
				E364041FBB25401281E5CECC /* UNIBodyRequest.m in Sources */,
				ACC6F5780B8F42D69581D280 /* UNISimpleRequest.m in Sources */,
				90F1A39879384D55B8BE835B /* UNIHTTPBinaryResponse.m in Sources */,
				CEC05D5FFE0C4B678070EE40 /* UNIHTTPJsonResponse.m in Sources */,
				2B4B1B51C65C478EA5F38C59 /* UNIHTTPResponse.m in Sources */,
				DF5333D4313D4D7A9F147D1C /* UNIHTTPStringResponse.m in Sources */,
				7FCD35C6CE534F0286596054 /* UNIJsonNode.m in Sources */,
				49E441E9EC404DC58C93BC20 /* CDVBarcodeScanner.mm in Sources */,
			);
			runOnlyForDeploymentPostprocessing = 0;
		};
/* End PBXSourcesBuildPhase section */

/* Begin PBXTargetDependency section */
		301BF551109A68C00062928A /* PBXTargetDependency */ = {
			isa = PBXTargetDependency;
			name = CordovaLib;
			targetProxy = 301BF550109A68C00062928A /* PBXContainerItemProxy */;
		};
/* End PBXTargetDependency section */

/* Begin XCBuildConfiguration section */
		1D6058940D05DD3E006BFB54 /* Debug */ = {
			isa = XCBuildConfiguration;
			baseConfigurationReference = 3047A50F1AB8059700498E2A /* build-debug.xcconfig */;
			buildSettings = {
				ALWAYS_SEARCH_USER_PATHS = NO;
				ASSETCATALOG_COMPILER_APPICON_NAME = AppIcon;
				ASSETCATALOG_COMPILER_LAUNCHIMAGE_NAME = LaunchImage;
				CLANG_ENABLE_MODULES = YES;
				CLANG_ENABLE_OBJC_ARC = YES;
				COPY_PHASE_STRIP = NO;
				FRAMEWORK_SEARCH_PATHS = (
					"$(inherited)",
					"\"4.0/Plugins/cordova-plugin-webserver\"",
					"\"4.0/Plugins/cordova-plugin-alipay-v2\"",
				);
				GCC_DYNAMIC_NO_PIC = NO;
				GCC_OPTIMIZATION_LEVEL = 0;
				GCC_PRECOMPILE_PREFIX_HEADER = YES;
				GCC_PREFIX_HEADER = "4.0/4.0-Prefix.pch";
				GCC_THUMB_SUPPORT = NO;
				GCC_VERSION = "";
				INFOPLIST_FILE = "4.0/4.0-Info.plist";
				IPHONEOS_DEPLOYMENT_TARGET = 11.3;
				LD_RUNPATH_SEARCH_PATHS = "@executable_path/Frameworks";
				PRODUCT_NAME = 4.0;
				TARGETED_DEVICE_FAMILY = "1,2";
			};
			name = Debug;
		};
		1D6058950D05DD3E006BFB54 /* Release */ = {
			isa = XCBuildConfiguration;
			baseConfigurationReference = 3047A5101AB8059700498E2A /* build-release.xcconfig */;
			buildSettings = {
				ALWAYS_SEARCH_USER_PATHS = NO;
				ASSETCATALOG_COMPILER_APPICON_NAME = AppIcon;
				ASSETCATALOG_COMPILER_LAUNCHIMAGE_NAME = LaunchImage;
				CLANG_ENABLE_MODULES = YES;
				CLANG_ENABLE_OBJC_ARC = YES;
				COPY_PHASE_STRIP = YES;
				FRAMEWORK_SEARCH_PATHS = (
					"$(inherited)",
					"\"4.0/Plugins/cordova-plugin-webserver\"",
					"\"4.0/Plugins/cordova-plugin-alipay-v2\"",
				);
				GCC_PRECOMPILE_PREFIX_HEADER = YES;
				GCC_PREFIX_HEADER = "4.0/4.0-Prefix.pch";
				GCC_THUMB_SUPPORT = NO;
				GCC_VERSION = "";
				INFOPLIST_FILE = "4.0/4.0-Info.plist";
				IPHONEOS_DEPLOYMENT_TARGET = 11.3;
				LD_RUNPATH_SEARCH_PATHS = "@executable_path/Frameworks";
				PRODUCT_NAME = 4.0;
				TARGETED_DEVICE_FAMILY = "1,2";
			};
			name = Release;
		};
		C01FCF4F08A954540054247B /* Debug */ = {
			isa = XCBuildConfiguration;
			baseConfigurationReference = 3047A5111AB8059700498E2A /* build.xcconfig */;
			buildSettings = {
				CLANG_ENABLE_MODULES = YES;
				CLANG_ENABLE_OBJC_ARC = YES;
				CLANG_WARN_BOOL_CONVERSION = YES;
				CLANG_WARN_CONSTANT_CONVERSION = YES;
				CLANG_WARN_EMPTY_BODY = YES;
				CLANG_WARN_ENUM_CONVERSION = YES;
				CLANG_WARN_INT_CONVERSION = YES;
				CLANG_WARN__DUPLICATE_METHOD_MATCH = YES;
				GCC_C_LANGUAGE_STANDARD = c99;
				GCC_THUMB_SUPPORT = NO;
				GCC_VERSION = "";
				GCC_WARN_ABOUT_RETURN_TYPE = YES;
				GCC_WARN_UNDECLARED_SELECTOR = YES;
				GCC_WARN_UNINITIALIZED_AUTOS = YES;
				GCC_WARN_UNUSED_FUNCTION = YES;
				GCC_WARN_UNUSED_VARIABLE = YES;
				ONLY_ACTIVE_ARCH = YES;
				SDKROOT = iphoneos;
				SKIP_INSTALL = NO;
			};
			name = Debug;
		};
		C01FCF5008A954540054247B /* Release */ = {
			isa = XCBuildConfiguration;
			baseConfigurationReference = 3047A5111AB8059700498E2A /* build.xcconfig */;
			buildSettings = {
				CLANG_ENABLE_MODULES = YES;
				CLANG_ENABLE_OBJC_ARC = YES;
				CLANG_WARN_BOOL_CONVERSION = YES;
				CLANG_WARN_CONSTANT_CONVERSION = YES;
				CLANG_WARN_EMPTY_BODY = YES;
				CLANG_WARN_ENUM_CONVERSION = YES;
				CLANG_WARN_INT_CONVERSION = YES;
				CLANG_WARN__DUPLICATE_METHOD_MATCH = YES;
				GCC_C_LANGUAGE_STANDARD = c99;
				GCC_THUMB_SUPPORT = NO;
				GCC_VERSION = "";
				GCC_WARN_ABOUT_RETURN_TYPE = YES;
				GCC_WARN_UNDECLARED_SELECTOR = YES;
				GCC_WARN_UNINITIALIZED_AUTOS = YES;
				GCC_WARN_UNUSED_FUNCTION = YES;
				GCC_WARN_UNUSED_VARIABLE = YES;
				SDKROOT = iphoneos;
				SKIP_INSTALL = NO;
			};
			name = Release;
		};
/* End XCBuildConfiguration section */

/* Begin XCConfigurationList section */
		1D6058960D05DD3E006BFB54 /* Build configuration list for PBXNativeTarget "4.0" */ = {
			isa = XCConfigurationList;
			buildConfigurations = (
				1D6058940D05DD3E006BFB54 /* Debug */,
				1D6058950D05DD3E006BFB54 /* Release */,
			);
			defaultConfigurationIsVisible = 0;
			defaultConfigurationName = Release;
		};
		C01FCF4E08A954540054247B /* Build configuration list for PBXProject "4.0" */ = {
			isa = XCConfigurationList;
			buildConfigurations = (
				C01FCF4F08A954540054247B /* Debug */,
				C01FCF5008A954540054247B /* Release */,
			);
			defaultConfigurationIsVisible = 0;
			defaultConfigurationName = Release;
		};
/* End XCConfigurationList section */
	};
	rootObject = 29B97313FDCFA39411CA2CEA /* Project object */;
}
