// !$*UTF8*$!
{
	archiveVersion = 1;
	classes = {
	};
	objectVersion = 46;
	objects = {
/* Begin PBXBuildFile section */
		0207DA581B56EA530066E2B4 /* Images.xcassets in Resources */ = {isa = PBXBuildFile; fileRef = 0207DA571B56EA530066E2B4 /* Images.xcassets */; };
		1D3623260D0F684500981E51 /* AppDelegate.m in Sources */ = {isa = PBXBuildFile; fileRef = 1D3623250D0F684500981E51 /* AppDelegate.m */; };
		1D60589B0D05DD56006BFB54 /* main.m in Sources */ = {isa = PBXBuildFile; fileRef = 29B97316FDCFA39411CA2CEA /* main.m */; };
		301BF552109A68D80062928A /* libCordova.a in Frameworks */ = {isa = PBXBuildFile; fileRef = 301BF535109A57CC0062928A /* libCordova.a */; };
		302D95F114D2391D003F00A1 /* MainViewController.m in Sources */ = {isa = PBXBuildFile; fileRef = 302D95EF14D2391D003F00A1 /* MainViewController.m */; };
		302D95F214D2391D003F00A1 /* MainViewController.xib in Resources */ = {isa = PBXBuildFile; fileRef = 302D95F014D2391D003F00A1 /* MainViewController.xib */; };
		3047A5121AB8059700498E2A /* build-debug.xcconfig in Resources */ = {isa = PBXBuildFile; fileRef = 3047A50F1AB8059700498E2A /* build-debug.xcconfig */; };
		3047A5131AB8059700498E2A /* build-release.xcconfig in Resources */ = {isa = PBXBuildFile; fileRef = 3047A5101AB8059700498E2A /* build-release.xcconfig */; };
		3047A5141AB8059700498E2A /* build.xcconfig in Resources */ = {isa = PBXBuildFile; fileRef = 3047A5111AB8059700498E2A /* build.xcconfig */; };
		6AFF5BF91D6E424B00AB3073 /* CDVLaunchScreen.storyboard in Resources */ = {isa = PBXBuildFile; fileRef = 6AFF5BF81D6E424B00AB3073 /* CDVLaunchScreen.storyboard */; };
		F25B53A938F64F6194A749B7 /* alipay.m in Sources */ = {isa = PBXBuildFile; fileRef = 75675E18239646E6839D4970 /* alipay.m */; };
		3CC2ED6651744A47959E70FC /* AlipaySDK.bundle in Resources */ = {isa = PBXBuildFile; fileRef = BFFB43C21819476186E56FD9 /* AlipaySDK.bundle */; };
		8384A0EAA64145899849886C /* CoreTelephony.framework in Frameworks */ = {isa = PBXBuildFile; fileRef = 8F88AF4DF62F4366842F5C5B /* CoreTelephony.framework */; settings = {ATTRIBUTES = (Weak, ); }; };
		BF4C629EF6524BF79317A06F /* SystemConfiguration.framework in Frameworks */ = {isa = PBXBuildFile; fileRef = 1839897BCA9C4951A010C923 /* SystemConfiguration.framework */; settings = {ATTRIBUTES = (Weak, ); }; };
		86940009CA5E407A84F938D1 /* CoreMotion.framework in Frameworks */ = {isa = PBXBuildFile; fileRef = A30495FD57E148BA80410741 /* CoreMotion.framework */; settings = {ATTRIBUTES = (Weak, ); }; };
		56B2C53A87694A16BB0E45B7 /* CFNetwork.framework in Frameworks */ = {isa = PBXBuildFile; fileRef = 9166E6416E6C4F96BC91AB8B /* CFNetwork.framework */; settings = {ATTRIBUTES = (Weak, ); }; };
		25574C548E0F46E2BA5DFE2A /* libc++.tbd in Frameworks */ = {isa = PBXBuildFile; fileRef = BAA79190704143A18DB08C97 /* libc++.tbd */; settings = {ATTRIBUTES = (Weak, ); }; };
		44489228A1BA4D509F8C1B38 /* libz.tbd in Frameworks */ = {isa = PBXBuildFile; fileRef = 90A889B866984223A6724A36 /* libz.tbd */; settings = {ATTRIBUTES = (Weak, ); }; };
		1FF26A77E0BF466B87E6131E /* CoreText.framework in Frameworks */ = {isa = PBXBuildFile; fileRef = 241D52D8945D4CC59641E125 /* CoreText.framework */; settings = {ATTRIBUTES = (Weak, ); }; };
		82F1EA99F3404FA5BE4DD699 /* UIKit.framework in Frameworks */ = {isa = PBXBuildFile; fileRef = 9ADE59244C8A4248AF3D1F1C /* UIKit.framework */; settings = {ATTRIBUTES = (Weak, ); }; };
		144F50E4F7D84E97AA482123 /* QuartzCore.framework in Frameworks */ = {isa = PBXBuildFile; fileRef = 9F27153BD42045EEB8EE1503 /* QuartzCore.framework */; settings = {ATTRIBUTES = (Weak, ); }; };
		14E24C722806495EB2E6A17F /* Foundation.framework in Frameworks */ = {isa = PBXBuildFile; fileRef = CE7FCBD531654BD58EA06BCA /* Foundation.framework */; settings = {ATTRIBUTES = (Weak, ); }; };
		944B3064CC184288A0813BB2 /* AlipaySDK.framework in Frameworks */ = {isa = PBXBuildFile; fileRef = 9706D79AA3534E4DA0D74C07 /* AlipaySDK.framework */; };
		D3BF952FBFA14002948FD40A /* UIImage+CropScaleOrientation.m in Sources */ = {isa = PBXBuildFile; fileRef = 30A5D4E4090F416B8CB138C2 /* UIImage+CropScaleOrientation.m */; };
		50DC23C6C0D84BDEAD460588 /* CDVCamera.m in Sources */ = {isa = PBXBuildFile; fileRef = BDB01475205841E3B9C31BA4 /* CDVCamera.m */; };
		C930E3B9662B490F86D28087 /* CDVJpegHeaderWriter.m in Sources */ = {isa = PBXBuildFile; fileRef = 3C091894E3F64AAABD52D1C7 /* CDVJpegHeaderWriter.m */; };
		2F89678EAC25435281C91179 /* ImageIO.framework in Frameworks */ = {isa = PBXBuildFile; fileRef = 6C20EE0F97684112997625EE /* ImageIO.framework */; settings = {ATTRIBUTES = (Weak, ); }; };
		4007EE1DDBDB44B0A8A65753 /* CoreLocation.framework in Frameworks */ = {isa = PBXBuildFile; fileRef = 88DCB2C6388F44BE9BE809C0 /* CoreLocation.framework */; };
		68EC8ACF440E4897B54A7855 /* AVFoundation.framework in Frameworks */ = {isa = PBXBuildFile; fileRef = E37FAF2306A742E588689365 /* AVFoundation.framework */; };
		2EDFD7CA7DBB4DDDB3A1A46C /* CDVDevice.m in Sources */ = {isa = PBXBuildFile; fileRef = 509302CF087E4637A7E2709F /* CDVDevice.m */; };
		9803D26DE95A4B5C9ACD1868 /* CDVIonicKeyboard.m in Sources */ = {isa = PBXBuildFile; fileRef = B1A8888F37FA4E2885FA0329 /* CDVIonicKeyboard.m */; };
		186A5A52F979437A9C2F0F65 /* CDVWKWebViewEngine.m in Sources */ = {isa = PBXBuildFile; fileRef = 12ABB6591E2F477493EA262E /* CDVWKWebViewEngine.m */; };
		A3975201362E4E10AED17099 /* CDVWKWebViewUIDelegate.m in Sources */ = {isa = PBXBuildFile; fileRef = 5B6759688618495A8731B95B /* CDVWKWebViewUIDelegate.m */; };
		EFB55F26C5F14EA5A04A7D65 /* CDVWKProcessPoolFactory.m in Sources */ = {isa = PBXBuildFile; fileRef = 28C7C936C592413C8F8D6456 /* CDVWKProcessPoolFactory.m */; };
		50FC4B3CB8394E79BD3D14F8 /* GCDWebServer.m in Sources */ = {isa = PBXBuildFile; fileRef = 786DA9D3F63A4F1F800CD055 /* GCDWebServer.m */; };
		67E110D9925747629A942078 /* GCDWebServerConnection.m in Sources */ = {isa = PBXBuildFile; fileRef = C95AF69A4A8B4A4DA66732A8 /* GCDWebServerConnection.m */; };
		11360A43074F437CB9A8B780 /* GCDWebServerFunctions.m in Sources */ = {isa = PBXBuildFile; fileRef = DFED4A41CFBC43018C641B1C /* GCDWebServerFunctions.m */; };
		D53ABB32FCEF4CC3A11A55D6 /* GCDWebServerRequest.m in Sources */ = {isa = PBXBuildFile; fileRef = 244C27B8F91C4D2388DCBF15 /* GCDWebServerRequest.m */; };
		3752693FF7AD4AB0B7890229 /* GCDWebServerResponse.m in Sources */ = {isa = PBXBuildFile; fileRef = DF011EA2574A4D84A42F9029 /* GCDWebServerResponse.m */; };
		0CBFBBE284BA4163A11C27FD /* GCDWebServerDataRequest.m in Sources */ = {isa = PBXBuildFile; fileRef = 63D85C1254BA4FE584418C54 /* GCDWebServerDataRequest.m */; };
		F58757927F884F0987427800 /* GCDWebServerFileRequest.m in Sources */ = {isa = PBXBuildFile; fileRef = 0237229828B44B6CA597A11F /* GCDWebServerFileRequest.m */; };
		C98118CC992E4C79ADED0004 /* GCDWebServerMultiPartFormRequest.m in Sources */ = {isa = PBXBuildFile; fileRef = EE40C80A84F84432BD7C2930 /* GCDWebServerMultiPartFormRequest.m */; };
		B940D5CCD0234C9BA109228A /* GCDWebServerURLEncodedFormRequest.m in Sources */ = {isa = PBXBuildFile; fileRef = 0C52537638884A4EAD225B85 /* GCDWebServerURLEncodedFormRequest.m */; };
		334BBDD5432B48668E2278C2 /* GCDWebServerDataResponse.m in Sources */ = {isa = PBXBuildFile; fileRef = F69B915A64064C298341C35F /* GCDWebServerDataResponse.m */; };
		54662B5343A54655A838EE5E /* GCDWebServerErrorResponse.m in Sources */ = {isa = PBXBuildFile; fileRef = 9A309045FF0B4E54850F7C6B /* GCDWebServerErrorResponse.m */; };
		F1FA0B00697B461E9114E7B1 /* GCDWebServerFileResponse.m in Sources */ = {isa = PBXBuildFile; fileRef = 48C7C51CBBC748EAAAC4624B /* GCDWebServerFileResponse.m */; };
		E42470BA5EB043898C8D2D80 /* GCDWebServerStreamedResponse.m in Sources */ = {isa = PBXBuildFile; fileRef = 4C58E47A2EDE43CC981E952A /* GCDWebServerStreamedResponse.m */; };
		FEDDA4CCFAFD45F5BB76BD3E /* WebKit.framework in Frameworks */ = {isa = PBXBuildFile; fileRef = C9546161DBFA4ED88A596590 /* WebKit.framework */; settings = {ATTRIBUTES = (Weak, ); }; };
		A96CEFD507954629915ADAD6 /* CDVSplashScreen.m in Sources */ = {isa = PBXBuildFile; fileRef = 023E5DACEA4F4B0E802374FC /* CDVSplashScreen.m */; };
		1BFF28770578423887E77F9E /* CDVViewController+SplashScreen.m in Sources */ = {isa = PBXBuildFile; fileRef = 136A77E4D1D44FAFB276B07A /* CDVViewController+SplashScreen.m */; };
		D533DA761327498A9F44E9E2 /* CDVBarcodeScanner.mm in Resources */ = {isa = PBXBuildFile; fileRef = 6CFD443F1A8C44EAB3049C05 /* CDVBarcodeScanner.mm */; };
		8CF6D9D2230646258C266015 /* scannerOverlay.xib in Resources */ = {isa = PBXBuildFile; fileRef = 8495320A4B454D5D8B882696 /* scannerOverlay.xib */; };
		516622DE112E4A3D822F2D9B /* CDVBarcodeScanner.bundle in Resources */ = {isa = PBXBuildFile; fileRef = EE9AC0B01EA64FD8B721F382 /* CDVBarcodeScanner.bundle */; };
/* End PBXBuildFile section */

/* Begin PBXContainerItemProxy section */
		301BF534109A57CC0062928A /* PBXContainerItemProxy */ = {
			isa = PBXContainerItemProxy;
			containerPortal = 301BF52D109A57CC0062928A /* CordovaLib.xcodeproj */;
			proxyType = 2;
			remoteGlobalIDString = D2AAC07E0554694100DB518D;
			remoteInfo = CordovaLib;
		};
		301BF550109A68C00062928A /* PBXContainerItemProxy */ = {
			isa = PBXContainerItemProxy;
			containerPortal = 301BF52D109A57CC0062928A /* CordovaLib.xcodeproj */;
			proxyType = 1;
			remoteGlobalIDString = D2AAC07D0554694100DB518D;
			remoteInfo = CordovaLib;
		};
/* End PBXContainerItemProxy section */

/* Begin PBXFileReference section */
		0207DA571B56EA530066E2B4 /* Images.xcassets */ = {isa = PBXFileReference; lastKnownFileType = folder.assetcatalog; name = Images.xcassets; path = "MyApp/Images.xcassets"; sourceTree = SOURCE_ROOT; };
		1D3623240D0F684500981E51 /* AppDelegate.h */ = {isa = PBXFileReference; fileEncoding = 4; lastKnownFileType = sourcecode.c.h; path = AppDelegate.h; sourceTree = "<group>"; };
		1D3623250D0F684500981E51 /* AppDelegate.m */ = {isa = PBXFileReference; fileEncoding = 4; lastKnownFileType = sourcecode.c.objc; path = AppDelegate.m; sourceTree = "<group>"; };
		1D6058910D05DD3D006BFB54 /* MyApp.app */ = {isa = PBXFileReference; explicitFileType = wrapper.application; includeInIndex = 0; path = "MyApp.app"; sourceTree = BUILT_PRODUCTS_DIR; };
		29B97316FDCFA39411CA2CEA /* main.m */ = {isa = PBXFileReference; fileEncoding = 4; lastKnownFileType = sourcecode.c.objc; path = main.m; sourceTree = "<group>"; };
		301BF52D109A57CC0062928A /* CordovaLib.xcodeproj */ = {isa = PBXFileReference; lastKnownFileType = "wrapper.pb-project"; path = CordovaLib/CordovaLib.xcodeproj; sourceTree = "<group>"; };
		301BF56E109A69640062928A /* www */ = {isa = PBXFileReference; lastKnownFileType = folder; path = www; sourceTree = SOURCE_ROOT; };
		302D95EE14D2391D003F00A1 /* MainViewController.h */ = {isa = PBXFileReference; fileEncoding = 4; lastKnownFileType = sourcecode.c.h; path = MainViewController.h; sourceTree = "<group>"; };
		302D95EF14D2391D003F00A1 /* MainViewController.m */ = {isa = PBXFileReference; fileEncoding = 4; lastKnownFileType = sourcecode.c.objc; path = MainViewController.m; sourceTree = "<group>"; };
		302D95F014D2391D003F00A1 /* MainViewController.xib */ = {isa = PBXFileReference; fileEncoding = 4; lastKnownFileType = file.xib; path = MainViewController.xib; sourceTree = "<group>"; };
		3047A50F1AB8059700498E2A /* build-debug.xcconfig */ = {isa = PBXFileReference; fileEncoding = 4; lastKnownFileType = text.xcconfig; name = "build-debug.xcconfig"; path = cordova/build-debug.xcconfig; sourceTree = SOURCE_ROOT; };
		3047A5101AB8059700498E2A /* build-release.xcconfig */ = {isa = PBXFileReference; fileEncoding = 4; lastKnownFileType = text.xcconfig; name = "build-release.xcconfig"; path = cordova/build-release.xcconfig; sourceTree = SOURCE_ROOT; };
		3047A5111AB8059700498E2A /* build.xcconfig */ = {isa = PBXFileReference; fileEncoding = 4; lastKnownFileType = text.xcconfig; name = build.xcconfig; path = cordova/build.xcconfig; sourceTree = SOURCE_ROOT; };
		32CA4F630368D1EE00C91783 /* MyApp-Prefix.pch */ = {isa = PBXFileReference; fileEncoding = 4; lastKnownFileType = sourcecode.c.h; path = "MyApp-Prefix.pch"; sourceTree = "<group>"; };
		6AFF5BF81D6E424B00AB3073 /* CDVLaunchScreen.storyboard */ = {isa = PBXFileReference; fileEncoding = 4; lastKnownFileType = file.storyboard; name = CDVLaunchScreen.storyboard; path = "MyApp/CDVLaunchScreen.storyboard"; sourceTree = SOURCE_ROOT; };
		8D1107310486CEB800E47090 /* MyApp-Info.plist */ = {isa = PBXFileReference; fileEncoding = 4; lastKnownFileType = text.plist.xml; name = "MyApp-Info.plist"; path = "MyApp/MyApp-Info.plist"; plistStructureDefinitionIdentifier = "com.apple.xcode.plist.structure-definition.iphone.info-plist"; sourceTree = SOURCE_ROOT; };
		EB87FDF31871DA8E0020F90C /* www */ = {isa = PBXFileReference; lastKnownFileType = folder; name = www; path = ../../www; sourceTree = "<group>"; };
		EB87FDF41871DAF40020F90C /* config.xml */ = {isa = PBXFileReference; lastKnownFileType = text.xml; name = config.xml; path = ../../config.xml; sourceTree = "<group>"; };
		F840E1F0165FE0F500CFE078 /* config.xml */ = {isa = PBXFileReference; lastKnownFileType = text.xml; name = config.xml; path = "MyApp/config.xml"; sourceTree = "<group>"; };
		ED33DF2A687741AEAF9F8254 /* Bridging-Header.h */ = {isa = PBXFileReference; fileEncoding = 4; lastKnownFileType = sourcecode.c.h; name = "Bridging-Header.h"; path = "Bridging-Header.h"; sourceTree = "<group>"; };
		75675E18239646E6839D4970 /* alipay.m */ = {isa = PBXFileReference; name = "alipay.m"; path = "cordova-plugin-alipay-v2/alipay.m"; sourceTree = "<group>"; fileEncoding = 4; lastKnownFileType = sourcecode.c.objc; explicitFileType = undefined; includeInIndex = 0; };
		BFFB43C21819476186E56FD9 /* AlipaySDK.bundle */ = {isa = PBXFileReference; name = "AlipaySDK.bundle"; path = "AlipaySDK.bundle"; sourceTree = "<group>"; fileEncoding = undefined; lastKnownFileType = wrapper.plug-in; explicitFileType = undefined; includeInIndex = 0; };
		8F88AF4DF62F4366842F5C5B /* CoreTelephony.framework */ = {isa = PBXFileReference; name = "CoreTelephony.framework"; path = "System/Library/Frameworks/CoreTelephony.framework"; sourceTree = SDKROOT; fileEncoding = undefined; lastKnownFileType = wrapper.framework; explicitFileType = undefined; includeInIndex = 0; };
		1839897BCA9C4951A010C923 /* SystemConfiguration.framework */ = {isa = PBXFileReference; name = "SystemConfiguration.framework"; path = "System/Library/Frameworks/SystemConfiguration.framework"; sourceTree = SDKROOT; fileEncoding = undefined; lastKnownFileType = wrapper.framework; explicitFileType = undefined; includeInIndex = 0; };
		A30495FD57E148BA80410741 /* CoreMotion.framework */ = {isa = PBXFileReference; name = "CoreMotion.framework"; path = "System/Library/Frameworks/CoreMotion.framework"; sourceTree = SDKROOT; fileEncoding = undefined; lastKnownFileType = wrapper.framework; explicitFileType = undefined; includeInIndex = 0; };
		9166E6416E6C4F96BC91AB8B /* CFNetwork.framework */ = {isa = PBXFileReference; name = "CFNetwork.framework"; path = "System/Library/Frameworks/CFNetwork.framework"; sourceTree = SDKROOT; fileEncoding = undefined; lastKnownFileType = wrapper.framework; explicitFileType = undefined; includeInIndex = 0; };
		BAA79190704143A18DB08C97 /* libc++.tbd */ = {isa = PBXFileReference; name = "libc++.tbd"; path = "usr/lib/libc++.tbd"; sourceTree = SDKROOT; fileEncoding = undefined; lastKnownFileType = sourcecode.text-based-dylib-definition; explicitFileType = undefined; includeInIndex = 0; };
		90A889B866984223A6724A36 /* libz.tbd */ = {isa = PBXFileReference; name = "libz.tbd"; path = "usr/lib/libz.tbd"; sourceTree = SDKROOT; fileEncoding = undefined; lastKnownFileType = sourcecode.text-based-dylib-definition; explicitFileType = undefined; includeInIndex = 0; };
		241D52D8945D4CC59641E125 /* CoreText.framework */ = {isa = PBXFileReference; name = "CoreText.framework"; path = "System/Library/Frameworks/CoreText.framework"; sourceTree = SDKROOT; fileEncoding = undefined; lastKnownFileType = wrapper.framework; explicitFileType = undefined; includeInIndex = 0; };
		9ADE59244C8A4248AF3D1F1C /* UIKit.framework */ = {isa = PBXFileReference; name = "UIKit.framework"; path = "System/Library/Frameworks/UIKit.framework"; sourceTree = SDKROOT; fileEncoding = undefined; lastKnownFileType = wrapper.framework; explicitFileType = undefined; includeInIndex = 0; };
		9F27153BD42045EEB8EE1503 /* QuartzCore.framework */ = {isa = PBXFileReference; name = "QuartzCore.framework"; path = "System/Library/Frameworks/QuartzCore.framework"; sourceTree = SDKROOT; fileEncoding = undefined; lastKnownFileType = wrapper.framework; explicitFileType = undefined; includeInIndex = 0; };
		CE7FCBD531654BD58EA06BCA /* Foundation.framework */ = {isa = PBXFileReference; name = "Foundation.framework"; path = "System/Library/Frameworks/Foundation.framework"; sourceTree = SDKROOT; fileEncoding = undefined; lastKnownFileType = wrapper.framework; explicitFileType = undefined; includeInIndex = 0; };
		9706D79AA3534E4DA0D74C07 /* AlipaySDK.framework */ = {isa = PBXFileReference; name = "AlipaySDK.framework"; path = "MyApp/Plugins/cordova-plugin-alipay-v2/AlipaySDK.framework"; sourceTree = "<group>"; fileEncoding = undefined; lastKnownFileType = wrapper.framework; explicitFileType = undefined; includeInIndex = 0; };
		30A5D4E4090F416B8CB138C2 /* UIImage+CropScaleOrientation.m */ = {isa = PBXFileReference; name = "UIImage+CropScaleOrientation.m"; path = "cordova-plugin-camera/UIImage+CropScaleOrientation.m"; sourceTree = "<group>"; fileEncoding = 4; lastKnownFileType = sourcecode.c.objc; explicitFileType = undefined; includeInIndex = 0; };
		BDB01475205841E3B9C31BA4 /* CDVCamera.m */ = {isa = PBXFileReference; name = "CDVCamera.m"; path = "cordova-plugin-camera/CDVCamera.m"; sourceTree = "<group>"; fileEncoding = 4; lastKnownFileType = sourcecode.c.objc; explicitFileType = undefined; includeInIndex = 0; };
		3C091894E3F64AAABD52D1C7 /* CDVJpegHeaderWriter.m */ = {isa = PBXFileReference; name = "CDVJpegHeaderWriter.m"; path = "cordova-plugin-camera/CDVJpegHeaderWriter.m"; sourceTree = "<group>"; fileEncoding = 4; lastKnownFileType = sourcecode.c.objc; explicitFileType = undefined; includeInIndex = 0; };
		7C2930AF6DD64F16B07672F5 /* UIImage+CropScaleOrientation.h */ = {isa = PBXFileReference; name = "UIImage+CropScaleOrientation.h"; path = "cordova-plugin-camera/UIImage+CropScaleOrientation.h"; sourceTree = "<group>"; fileEncoding = 4; lastKnownFileType = sourcecode.c.h; explicitFileType = undefined; includeInIndex = 0; };
		C8D80C171C094990BE9E2D89 /* CDVCamera.h */ = {isa = PBXFileReference; name = "CDVCamera.h"; path = "cordova-plugin-camera/CDVCamera.h"; sourceTree = "<group>"; fileEncoding = 4; lastKnownFileType = sourcecode.c.h; explicitFileType = undefined; includeInIndex = 0; };
		CF3B9E8514DA4F29AA42DA83 /* CDVJpegHeaderWriter.h */ = {isa = PBXFileReference; name = "CDVJpegHeaderWriter.h"; path = "cordova-plugin-camera/CDVJpegHeaderWriter.h"; sourceTree = "<group>"; fileEncoding = 4; lastKnownFileType = sourcecode.c.h; explicitFileType = undefined; includeInIndex = 0; };
		8F0959CB1F4049D082F40759 /* CDVExif.h */ = {isa = PBXFileReference; name = "CDVExif.h"; path = "cordova-plugin-camera/CDVExif.h"; sourceTree = "<group>"; fileEncoding = 4; lastKnownFileType = sourcecode.c.h; explicitFileType = undefined; includeInIndex = 0; };
		6C20EE0F97684112997625EE /* ImageIO.framework */ = {isa = PBXFileReference; name = "ImageIO.framework"; path = "System/Library/Frameworks/ImageIO.framework"; sourceTree = SDKROOT; fileEncoding = undefined; lastKnownFileType = wrapper.framework; explicitFileType = undefined; includeInIndex = 0; };
		88DCB2C6388F44BE9BE809C0 /* CoreLocation.framework */ = {isa = PBXFileReference; name = "CoreLocation.framework"; path = "System/Library/Frameworks/CoreLocation.framework"; sourceTree = SDKROOT; fileEncoding = undefined; lastKnownFileType = wrapper.framework; explicitFileType = undefined; includeInIndex = 0; };
		E37FAF2306A742E588689365 /* AVFoundation.framework */ = {isa = PBXFileReference; name = "AVFoundation.framework"; path = "System/Library/Frameworks/AVFoundation.framework"; sourceTree = SDKROOT; fileEncoding = undefined; lastKnownFileType = wrapper.framework; explicitFileType = undefined; includeInIndex = 0; };
		509302CF087E4637A7E2709F /* CDVDevice.m */ = {isa = PBXFileReference; name = "CDVDevice.m"; path = "cordova-plugin-device/CDVDevice.m"; sourceTree = "<group>"; fileEncoding = 4; lastKnownFileType = sourcecode.c.objc; explicitFileType = undefined; includeInIndex = 0; };
		EC2AA77681C8430A99969948 /* CDVDevice.h */ = {isa = PBXFileReference; name = "CDVDevice.h"; path = "cordova-plugin-device/CDVDevice.h"; sourceTree = "<group>"; fileEncoding = 4; lastKnownFileType = sourcecode.c.h; explicitFileType = undefined; includeInIndex = 0; };
		B1A8888F37FA4E2885FA0329 /* CDVIonicKeyboard.m */ = {isa = PBXFileReference; name = "CDVIonicKeyboard.m"; path = "cordova-plugin-ionic-keyboard/CDVIonicKeyboard.m"; sourceTree = "<group>"; fileEncoding = 4; lastKnownFileType = sourcecode.c.objc; explicitFileType = undefined; includeInIndex = 0; };
		5F2FD0ED246844349CD1D116 /* CDVIonicKeyboard.h */ = {isa = PBXFileReference; name = "CDVIonicKeyboard.h"; path = "cordova-plugin-ionic-keyboard/CDVIonicKeyboard.h"; sourceTree = "<group>"; fileEncoding = 4; lastKnownFileType = sourcecode.c.h; explicitFileType = undefined; includeInIndex = 0; };
		12ABB6591E2F477493EA262E /* CDVWKWebViewEngine.m */ = {isa = PBXFileReference; name = "CDVWKWebViewEngine.m"; path = "cordova-plugin-ionic-webview/CDVWKWebViewEngine.m"; sourceTree = "<group>"; fileEncoding = 4; lastKnownFileType = sourcecode.c.objc; explicitFileType = undefined; includeInIndex = 0; };
		5B6759688618495A8731B95B /* CDVWKWebViewUIDelegate.m */ = {isa = PBXFileReference; name = "CDVWKWebViewUIDelegate.m"; path = "cordova-plugin-ionic-webview/CDVWKWebViewUIDelegate.m"; sourceTree = "<group>"; fileEncoding = 4; lastKnownFileType = sourcecode.c.objc; explicitFileType = undefined; includeInIndex = 0; };
		28C7C936C592413C8F8D6456 /* CDVWKProcessPoolFactory.m */ = {isa = PBXFileReference; name = "CDVWKProcessPoolFactory.m"; path = "cordova-plugin-ionic-webview/CDVWKProcessPoolFactory.m"; sourceTree = "<group>"; fileEncoding = 4; lastKnownFileType = sourcecode.c.objc; explicitFileType = undefined; includeInIndex = 0; };
		786DA9D3F63A4F1F800CD055 /* GCDWebServer.m */ = {isa = PBXFileReference; name = "GCDWebServer.m"; path = "cordova-plugin-ionic-webview/GCDWebServer.m"; sourceTree = "<group>"; fileEncoding = 4; lastKnownFileType = sourcecode.c.objc; explicitFileType = undefined; includeInIndex = 0; };
		C95AF69A4A8B4A4DA66732A8 /* GCDWebServerConnection.m */ = {isa = PBXFileReference; name = "GCDWebServerConnection.m"; path = "cordova-plugin-ionic-webview/GCDWebServerConnection.m"; sourceTree = "<group>"; fileEncoding = 4; lastKnownFileType = sourcecode.c.objc; explicitFileType = undefined; includeInIndex = 0; };
		DFED4A41CFBC43018C641B1C /* GCDWebServerFunctions.m */ = {isa = PBXFileReference; name = "GCDWebServerFunctions.m"; path = "cordova-plugin-ionic-webview/GCDWebServerFunctions.m"; sourceTree = "<group>"; fileEncoding = 4; lastKnownFileType = sourcecode.c.objc; explicitFileType = undefined; includeInIndex = 0; };
		244C27B8F91C4D2388DCBF15 /* GCDWebServerRequest.m */ = {isa = PBXFileReference; name = "GCDWebServerRequest.m"; path = "cordova-plugin-ionic-webview/GCDWebServerRequest.m"; sourceTree = "<group>"; fileEncoding = 4; lastKnownFileType = sourcecode.c.objc; explicitFileType = undefined; includeInIndex = 0; };
		DF011EA2574A4D84A42F9029 /* GCDWebServerResponse.m */ = {isa = PBXFileReference; name = "GCDWebServerResponse.m"; path = "cordova-plugin-ionic-webview/GCDWebServerResponse.m"; sourceTree = "<group>"; fileEncoding = 4; lastKnownFileType = sourcecode.c.objc; explicitFileType = undefined; includeInIndex = 0; };
		63D85C1254BA4FE584418C54 /* GCDWebServerDataRequest.m */ = {isa = PBXFileReference; name = "GCDWebServerDataRequest.m"; path = "cordova-plugin-ionic-webview/GCDWebServerDataRequest.m"; sourceTree = "<group>"; fileEncoding = 4; lastKnownFileType = sourcecode.c.objc; explicitFileType = undefined; includeInIndex = 0; };
		0237229828B44B6CA597A11F /* GCDWebServerFileRequest.m */ = {isa = PBXFileReference; name = "GCDWebServerFileRequest.m"; path = "cordova-plugin-ionic-webview/GCDWebServerFileRequest.m"; sourceTree = "<group>"; fileEncoding = 4; lastKnownFileType = sourcecode.c.objc; explicitFileType = undefined; includeInIndex = 0; };
		EE40C80A84F84432BD7C2930 /* GCDWebServerMultiPartFormRequest.m */ = {isa = PBXFileReference; name = "GCDWebServerMultiPartFormRequest.m"; path = "cordova-plugin-ionic-webview/GCDWebServerMultiPartFormRequest.m"; sourceTree = "<group>"; fileEncoding = 4; lastKnownFileType = sourcecode.c.objc; explicitFileType = undefined; includeInIndex = 0; };
		0C52537638884A4EAD225B85 /* GCDWebServerURLEncodedFormRequest.m */ = {isa = PBXFileReference; name = "GCDWebServerURLEncodedFormRequest.m"; path = "cordova-plugin-ionic-webview/GCDWebServerURLEncodedFormRequest.m"; sourceTree = "<group>"; fileEncoding = 4; lastKnownFileType = sourcecode.c.objc; explicitFileType = undefined; includeInIndex = 0; };
		F69B915A64064C298341C35F /* GCDWebServerDataResponse.m */ = {isa = PBXFileReference; name = "GCDWebServerDataResponse.m"; path = "cordova-plugin-ionic-webview/GCDWebServerDataResponse.m"; sourceTree = "<group>"; fileEncoding = 4; lastKnownFileType = sourcecode.c.objc; explicitFileType = undefined; includeInIndex = 0; };
		9A309045FF0B4E54850F7C6B /* GCDWebServerErrorResponse.m */ = {isa = PBXFileReference; name = "GCDWebServerErrorResponse.m"; path = "cordova-plugin-ionic-webview/GCDWebServerErrorResponse.m"; sourceTree = "<group>"; fileEncoding = 4; lastKnownFileType = sourcecode.c.objc; explicitFileType = undefined; includeInIndex = 0; };
		48C7C51CBBC748EAAAC4624B /* GCDWebServerFileResponse.m */ = {isa = PBXFileReference; name = "GCDWebServerFileResponse.m"; path = "cordova-plugin-ionic-webview/GCDWebServerFileResponse.m"; sourceTree = "<group>"; fileEncoding = 4; lastKnownFileType = sourcecode.c.objc; explicitFileType = undefined; includeInIndex = 0; };
		4C58E47A2EDE43CC981E952A /* GCDWebServerStreamedResponse.m */ = {isa = PBXFileReference; name = "GCDWebServerStreamedResponse.m"; path = "cordova-plugin-ionic-webview/GCDWebServerStreamedResponse.m"; sourceTree = "<group>"; fileEncoding = 4; lastKnownFileType = sourcecode.c.objc; explicitFileType = undefined; includeInIndex = 0; };
		6A042D7E26094E528F6B02C7 /* CDVWKWebViewEngine.h */ = {isa = PBXFileReference; name = "CDVWKWebViewEngine.h"; path = "cordova-plugin-ionic-webview/CDVWKWebViewEngine.h"; sourceTree = "<group>"; fileEncoding = 4; lastKnownFileType = sourcecode.c.h; explicitFileType = undefined; includeInIndex = 0; };
		384EBF572A5946F99E6A2B33 /* CDVWKWebViewUIDelegate.h */ = {isa = PBXFileReference; name = "CDVWKWebViewUIDelegate.h"; path = "cordova-plugin-ionic-webview/CDVWKWebViewUIDelegate.h"; sourceTree = "<group>"; fileEncoding = 4; lastKnownFileType = sourcecode.c.h; explicitFileType = undefined; includeInIndex = 0; };
		BA86E6B542F6429C8A8A701E /* CDVWKProcessPoolFactory.h */ = {isa = PBXFileReference; name = "CDVWKProcessPoolFactory.h"; path = "cordova-plugin-ionic-webview/CDVWKProcessPoolFactory.h"; sourceTree = "<group>"; fileEncoding = 4; lastKnownFileType = sourcecode.c.h; explicitFileType = undefined; includeInIndex = 0; };
		97405D7A8BED433A8D370499 /* GCDWebServer.h */ = {isa = PBXFileReference; name = "GCDWebServer.h"; path = "cordova-plugin-ionic-webview/GCDWebServer.h"; sourceTree = "<group>"; fileEncoding = 4; lastKnownFileType = sourcecode.c.h; explicitFileType = undefined; includeInIndex = 0; };
		3E498B504C414D75A48A5717 /* GCDWebServerConnection.h */ = {isa = PBXFileReference; name = "GCDWebServerConnection.h"; path = "cordova-plugin-ionic-webview/GCDWebServerConnection.h"; sourceTree = "<group>"; fileEncoding = 4; lastKnownFileType = sourcecode.c.h; explicitFileType = undefined; includeInIndex = 0; };
		ABD8D64B7F32425D8A1F8116 /* GCDWebServerFunctions.h */ = {isa = PBXFileReference; name = "GCDWebServerFunctions.h"; path = "cordova-plugin-ionic-webview/GCDWebServerFunctions.h"; sourceTree = "<group>"; fileEncoding = 4; lastKnownFileType = sourcecode.c.h; explicitFileType = undefined; includeInIndex = 0; };
		E4798D669B1042EC9468C458 /* GCDWebServerHTTPStatusCodes.h */ = {isa = PBXFileReference; name = "GCDWebServerHTTPStatusCodes.h"; path = "cordova-plugin-ionic-webview/GCDWebServerHTTPStatusCodes.h"; sourceTree = "<group>"; fileEncoding = 4; lastKnownFileType = sourcecode.c.h; explicitFileType = undefined; includeInIndex = 0; };
		AD2029948CE542AC969A5467 /* GCDWebServerPrivate.h */ = {isa = PBXFileReference; name = "GCDWebServerPrivate.h"; path = "cordova-plugin-ionic-webview/GCDWebServerPrivate.h"; sourceTree = "<group>"; fileEncoding = 4; lastKnownFileType = sourcecode.c.h; explicitFileType = undefined; includeInIndex = 0; };
		0F16254267FC4DDEBA3D2923 /* GCDWebServerRequest.h */ = {isa = PBXFileReference; name = "GCDWebServerRequest.h"; path = "cordova-plugin-ionic-webview/GCDWebServerRequest.h"; sourceTree = "<group>"; fileEncoding = 4; lastKnownFileType = sourcecode.c.h; explicitFileType = undefined; includeInIndex = 0; };
		96AA29D9400C4AEC825B3224 /* GCDWebServerResponse.h */ = {isa = PBXFileReference; name = "GCDWebServerResponse.h"; path = "cordova-plugin-ionic-webview/GCDWebServerResponse.h"; sourceTree = "<group>"; fileEncoding = 4; lastKnownFileType = sourcecode.c.h; explicitFileType = undefined; includeInIndex = 0; };
		9296BC154F7F42CCBC84195A /* GCDWebServerDataRequest.h */ = {isa = PBXFileReference; name = "GCDWebServerDataRequest.h"; path = "cordova-plugin-ionic-webview/GCDWebServerDataRequest.h"; sourceTree = "<group>"; fileEncoding = 4; lastKnownFileType = sourcecode.c.h; explicitFileType = undefined; includeInIndex = 0; };
		BEE06233204A44859377E1D4 /* GCDWebServerFileRequest.h */ = {isa = PBXFileReference; name = "GCDWebServerFileRequest.h"; path = "cordova-plugin-ionic-webview/GCDWebServerFileRequest.h"; sourceTree = "<group>"; fileEncoding = 4; lastKnownFileType = sourcecode.c.h; explicitFileType = undefined; includeInIndex = 0; };
		4ED8CE7384E242D2B0E5B0E0 /* GCDWebServerMultiPartFormRequest.h */ = {isa = PBXFileReference; name = "GCDWebServerMultiPartFormRequest.h"; path = "cordova-plugin-ionic-webview/GCDWebServerMultiPartFormRequest.h"; sourceTree = "<group>"; fileEncoding = 4; lastKnownFileType = sourcecode.c.h; explicitFileType = undefined; includeInIndex = 0; };
		912F33EDFBC8429FA7920CA7 /* GCDWebServerURLEncodedFormRequest.h */ = {isa = PBXFileReference; name = "GCDWebServerURLEncodedFormRequest.h"; path = "cordova-plugin-ionic-webview/GCDWebServerURLEncodedFormRequest.h"; sourceTree = "<group>"; fileEncoding = 4; lastKnownFileType = sourcecode.c.h; explicitFileType = undefined; includeInIndex = 0; };
		C97AC61654CC43D38ECBE5DF /* GCDWebServerDataResponse.h */ = {isa = PBXFileReference; name = "GCDWebServerDataResponse.h"; path = "cordova-plugin-ionic-webview/GCDWebServerDataResponse.h"; sourceTree = "<group>"; fileEncoding = 4; lastKnownFileType = sourcecode.c.h; explicitFileType = undefined; includeInIndex = 0; };
		37D507BD24A24942B4E2641E /* GCDWebServerErrorResponse.h */ = {isa = PBXFileReference; name = "GCDWebServerErrorResponse.h"; path = "cordova-plugin-ionic-webview/GCDWebServerErrorResponse.h"; sourceTree = "<group>"; fileEncoding = 4; lastKnownFileType = sourcecode.c.h; explicitFileType = undefined; includeInIndex = 0; };
		F1379785C6FE4BBCA550CD52 /* GCDWebServerFileResponse.h */ = {isa = PBXFileReference; name = "GCDWebServerFileResponse.h"; path = "cordova-plugin-ionic-webview/GCDWebServerFileResponse.h"; sourceTree = "<group>"; fileEncoding = 4; lastKnownFileType = sourcecode.c.h; explicitFileType = undefined; includeInIndex = 0; };
		3BD234D21FC14DA28607246F /* GCDWebServerStreamedResponse.h */ = {isa = PBXFileReference; name = "GCDWebServerStreamedResponse.h"; path = "cordova-plugin-ionic-webview/GCDWebServerStreamedResponse.h"; sourceTree = "<group>"; fileEncoding = 4; lastKnownFileType = sourcecode.c.h; explicitFileType = undefined; includeInIndex = 0; };
		C9546161DBFA4ED88A596590 /* WebKit.framework */ = {isa = PBXFileReference; name = "WebKit.framework"; path = "System/Library/Frameworks/WebKit.framework"; sourceTree = SDKROOT; fileEncoding = undefined; lastKnownFileType = wrapper.framework; explicitFileType = undefined; includeInIndex = 0; };
		023E5DACEA4F4B0E802374FC /* CDVSplashScreen.m */ = {isa = PBXFileReference; name = "CDVSplashScreen.m"; path = "cordova-plugin-splashscreen/CDVSplashScreen.m"; sourceTree = "<group>"; fileEncoding = 4; lastKnownFileType = sourcecode.c.objc; explicitFileType = undefined; includeInIndex = 0; };
		136A77E4D1D44FAFB276B07A /* CDVViewController+SplashScreen.m */ = {isa = PBXFileReference; name = "CDVViewController+SplashScreen.m"; path = "cordova-plugin-splashscreen/CDVViewController+SplashScreen.m"; sourceTree = "<group>"; fileEncoding = 4; lastKnownFileType = sourcecode.c.objc; explicitFileType = undefined; includeInIndex = 0; };
		D8ECFEEB879C465CB6D7479F /* CDVSplashScreen.h */ = {isa = PBXFileReference; name = "CDVSplashScreen.h"; path = "cordova-plugin-splashscreen/CDVSplashScreen.h"; sourceTree = "<group>"; fileEncoding = 4; lastKnownFileType = sourcecode.c.h; explicitFileType = undefined; includeInIndex = 0; };
		046710D15B034A56A7ED5D49 /* CDVViewController+SplashScreen.h */ = {isa = PBXFileReference; name = "CDVViewController+SplashScreen.h"; path = "cordova-plugin-splashscreen/CDVViewController+SplashScreen.h"; sourceTree = "<group>"; fileEncoding = 4; lastKnownFileType = sourcecode.c.h; explicitFileType = undefined; includeInIndex = 0; };
		6CFD443F1A8C44EAB3049C05 /* CDVBarcodeScanner.mm */ = {isa = PBXFileReference; name = "CDVBarcodeScanner.mm"; path = "phonegap-plugin-barcodescanner/CDVBarcodeScanner.mm"; sourceTree = "<group>"; fileEncoding = undefined; lastKnownFileType = unknown; explicitFileType = undefined; includeInIndex = 0; };
		8495320A4B454D5D8B882696 /* scannerOverlay.xib */ = {isa = PBXFileReference; name = "scannerOverlay.xib"; path = "scannerOverlay.xib"; sourceTree = "<group>"; fileEncoding = undefined; lastKnownFileType = file.xib; explicitFileType = undefined; includeInIndex = 0; };
		EE9AC0B01EA64FD8B721F382 /* CDVBarcodeScanner.bundle */ = {isa = PBXFileReference; name = "CDVBarcodeScanner.bundle"; path = "CDVBarcodeScanner.bundle"; sourceTree = "<group>"; fileEncoding = undefined; lastKnownFileType = wrapper.plug-in; explicitFileType = undefined; includeInIndex = 0; };
/* End PBXFileReference section */

/* Begin PBXFrameworksBuildPhase section */
		1D60588F0D05DD3D006BFB54 /* Frameworks */ = {
			isa = PBXFrameworksBuildPhase;
			buildActionMask = 2147483647;
			files = (
				301BF552109A68D80062928A /* libCordova.a in Frameworks */,
				8384A0EAA64145899849886C /* CoreTelephony.framework in Frameworks */,
				BF4C629EF6524BF79317A06F /* SystemConfiguration.framework in Frameworks */,
				86940009CA5E407A84F938D1 /* CoreMotion.framework in Frameworks */,
				56B2C53A87694A16BB0E45B7 /* CFNetwork.framework in Frameworks */,
				25574C548E0F46E2BA5DFE2A /* libc++.tbd in Frameworks */,
				44489228A1BA4D509F8C1B38 /* libz.tbd in Frameworks */,
				1FF26A77E0BF466B87E6131E /* CoreText.framework in Frameworks */,
				82F1EA99F3404FA5BE4DD699 /* UIKit.framework in Frameworks */,
				144F50E4F7D84E97AA482123 /* QuartzCore.framework in Frameworks */,
				14E24C722806495EB2E6A17F /* Foundation.framework in Frameworks */,
				944B3064CC184288A0813BB2 /* AlipaySDK.framework in Frameworks */,
				2F89678EAC25435281C91179 /* ImageIO.framework in Frameworks */,
				4007EE1DDBDB44B0A8A65753 /* CoreLocation.framework in Frameworks */,
				68EC8ACF440E4897B54A7855 /* AVFoundation.framework in Frameworks */,
				FEDDA4CCFAFD45F5BB76BD3E /* WebKit.framework in Frameworks */,
			);
			runOnlyForDeploymentPostprocessing = 0;
		};
/* End PBXFrameworksBuildPhase section */

/* Begin PBXGroup section */
		080E96DDFE201D6D7F000001 /* Classes */ = {
			isa = PBXGroup;
			children = (
				302D95EE14D2391D003F00A1 /* MainViewController.h */,
				302D95EF14D2391D003F00A1 /* MainViewController.m */,
				302D95F014D2391D003F00A1 /* MainViewController.xib */,
				1D3623240D0F684500981E51 /* AppDelegate.h */,
				1D3623250D0F684500981E51 /* AppDelegate.m */,
			);
			name = Classes;
			path = "MyApp/Classes";
			sourceTree = SOURCE_ROOT;
		};
		19C28FACFE9D520D11CA2CBB /* Products */ = {
			isa = PBXGroup;
			children = (
				1D6058910D05DD3D006BFB54 /* MyApp.app */,
			);
			name = Products;
			sourceTree = "<group>";
		};
		29B97314FDCFA39411CA2CEA /* CustomTemplate */ = {
			isa = PBXGroup;
			children = (
				EB87FDF41871DAF40020F90C /* config.xml */,
				EB87FDF31871DA8E0020F90C /* www */,
				EB87FDF11871DA420020F90C /* Staging */,
				301BF52D109A57CC0062928A /* CordovaLib.xcodeproj */,
				080E96DDFE201D6D7F000001 /* Classes */,
				307C750510C5A3420062BCA9 /* Plugins */,
				29B97315FDCFA39411CA2CEA /* Other Sources */,
				29B97317FDCFA39411CA2CEA /* Resources */,
				29B97323FDCFA39411CA2CEA /* Frameworks */,
				19C28FACFE9D520D11CA2CBB /* Products */,
			);
			name = CustomTemplate;
			sourceTree = "<group>";
		};
		29B97315FDCFA39411CA2CEA /* Other Sources */ = {
			isa = PBXGroup;
			children = (
				32CA4F630368D1EE00C91783 /* MyApp-Prefix.pch */,
				29B97316FDCFA39411CA2CEA /* main.m */,
				ED33DF2A687741AEAF9F8254 /* Bridging-Header.h */,
			);
			name = "Other Sources";
			path = "MyApp";
			sourceTree = "<group>";
		};
		29B97317FDCFA39411CA2CEA /* Resources */ = {
			isa = PBXGroup;
			children = (
				0207DA571B56EA530066E2B4 /* Images.xcassets */,
				3047A50E1AB8057F00498E2A /* config */,
				8D1107310486CEB800E47090 /* MyApp-Info.plist */,
				6AFF5BF81D6E424B00AB3073 /* CDVLaunchScreen.storyboard */,
				BFFB43C21819476186E56FD9 /* AlipaySDK.bundle */,
				8495320A4B454D5D8B882696 /* scannerOverlay.xib */,
				EE9AC0B01EA64FD8B721F382 /* CDVBarcodeScanner.bundle */,
			);
			name = Resources;
			path = "MyApp/Resources";
			sourceTree = "<group>";
		};
		29B97323FDCFA39411CA2CEA /* Frameworks */ = {
			isa = PBXGroup;
			children = (
				8F88AF4DF62F4366842F5C5B /* CoreTelephony.framework */,
				1839897BCA9C4951A010C923 /* SystemConfiguration.framework */,
				A30495FD57E148BA80410741 /* CoreMotion.framework */,
				9166E6416E6C4F96BC91AB8B /* CFNetwork.framework */,
				BAA79190704143A18DB08C97 /* libc++.tbd */,
				90A889B866984223A6724A36 /* libz.tbd */,
				241D52D8945D4CC59641E125 /* CoreText.framework */,
				9ADE59244C8A4248AF3D1F1C /* UIKit.framework */,
				9F27153BD42045EEB8EE1503 /* QuartzCore.framework */,
				CE7FCBD531654BD58EA06BCA /* Foundation.framework */,
				9706D79AA3534E4DA0D74C07 /* AlipaySDK.framework */,
				6C20EE0F97684112997625EE /* ImageIO.framework */,
				88DCB2C6388F44BE9BE809C0 /* CoreLocation.framework */,
				E37FAF2306A742E588689365 /* AVFoundation.framework */,
				C9546161DBFA4ED88A596590 /* WebKit.framework */,
			);
			name = Frameworks;
			sourceTree = "<group>";
		};
		301BF52E109A57CC0062928A /* Products */ = {
			isa = PBXGroup;
			children = (
				301BF535109A57CC0062928A /* libCordova.a */,
			);
			name = Products;
			sourceTree = "<group>";
		};
		3047A50E1AB8057F00498E2A /* config */ = {
			isa = PBXGroup;
			children = (
				3047A50F1AB8059700498E2A /* build-debug.xcconfig */,
				3047A5101AB8059700498E2A /* build-release.xcconfig */,
				3047A5111AB8059700498E2A /* build.xcconfig */,
			);
			name = config;
			sourceTree = "<group>";
		};
		307C750510C5A3420062BCA9 /* Plugins */ = {
			isa = PBXGroup;
			children = (
				75675E18239646E6839D4970 /* alipay.m */,
				30A5D4E4090F416B8CB138C2 /* UIImage+CropScaleOrientation.m */,
				BDB01475205841E3B9C31BA4 /* CDVCamera.m */,
				3C091894E3F64AAABD52D1C7 /* CDVJpegHeaderWriter.m */,
				7C2930AF6DD64F16B07672F5 /* UIImage+CropScaleOrientation.h */,
				C8D80C171C094990BE9E2D89 /* CDVCamera.h */,
				CF3B9E8514DA4F29AA42DA83 /* CDVJpegHeaderWriter.h */,
				8F0959CB1F4049D082F40759 /* CDVExif.h */,
				509302CF087E4637A7E2709F /* CDVDevice.m */,
				EC2AA77681C8430A99969948 /* CDVDevice.h */,
				B1A8888F37FA4E2885FA0329 /* CDVIonicKeyboard.m */,
				5F2FD0ED246844349CD1D116 /* CDVIonicKeyboard.h */,
				12ABB6591E2F477493EA262E /* CDVWKWebViewEngine.m */,
				5B6759688618495A8731B95B /* CDVWKWebViewUIDelegate.m */,
				28C7C936C592413C8F8D6456 /* CDVWKProcessPoolFactory.m */,
				786DA9D3F63A4F1F800CD055 /* GCDWebServer.m */,
				C95AF69A4A8B4A4DA66732A8 /* GCDWebServerConnection.m */,
				DFED4A41CFBC43018C641B1C /* GCDWebServerFunctions.m */,
				244C27B8F91C4D2388DCBF15 /* GCDWebServerRequest.m */,
				DF011EA2574A4D84A42F9029 /* GCDWebServerResponse.m */,
				63D85C1254BA4FE584418C54 /* GCDWebServerDataRequest.m */,
				0237229828B44B6CA597A11F /* GCDWebServerFileRequest.m */,
				EE40C80A84F84432BD7C2930 /* GCDWebServerMultiPartFormRequest.m */,
				0C52537638884A4EAD225B85 /* GCDWebServerURLEncodedFormRequest.m */,
				F69B915A64064C298341C35F /* GCDWebServerDataResponse.m */,
				9A309045FF0B4E54850F7C6B /* GCDWebServerErrorResponse.m */,
				48C7C51CBBC748EAAAC4624B /* GCDWebServerFileResponse.m */,
				4C58E47A2EDE43CC981E952A /* GCDWebServerStreamedResponse.m */,
				6A042D7E26094E528F6B02C7 /* CDVWKWebViewEngine.h */,
				384EBF572A5946F99E6A2B33 /* CDVWKWebViewUIDelegate.h */,
				BA86E6B542F6429C8A8A701E /* CDVWKProcessPoolFactory.h */,
				97405D7A8BED433A8D370499 /* GCDWebServer.h */,
				3E498B504C414D75A48A5717 /* GCDWebServerConnection.h */,
				ABD8D64B7F32425D8A1F8116 /* GCDWebServerFunctions.h */,
				E4798D669B1042EC9468C458 /* GCDWebServerHTTPStatusCodes.h */,
				AD2029948CE542AC969A5467 /* GCDWebServerPrivate.h */,
				0F16254267FC4DDEBA3D2923 /* GCDWebServerRequest.h */,
				96AA29D9400C4AEC825B3224 /* GCDWebServerResponse.h */,
				9296BC154F7F42CCBC84195A /* GCDWebServerDataRequest.h */,
				BEE06233204A44859377E1D4 /* GCDWebServerFileRequest.h */,
				4ED8CE7384E242D2B0E5B0E0 /* GCDWebServerMultiPartFormRequest.h */,
				912F33EDFBC8429FA7920CA7 /* GCDWebServerURLEncodedFormRequest.h */,
				C97AC61654CC43D38ECBE5DF /* GCDWebServerDataResponse.h */,
				37D507BD24A24942B4E2641E /* GCDWebServerErrorResponse.h */,
				F1379785C6FE4BBCA550CD52 /* GCDWebServerFileResponse.h */,
				3BD234D21FC14DA28607246F /* GCDWebServerStreamedResponse.h */,
				023E5DACEA4F4B0E802374FC /* CDVSplashScreen.m */,
				136A77E4D1D44FAFB276B07A /* CDVViewController+SplashScreen.m */,
				D8ECFEEB879C465CB6D7479F /* CDVSplashScreen.h */,
				046710D15B034A56A7ED5D49 /* CDVViewController+SplashScreen.h */,
				6CFD443F1A8C44EAB3049C05 /* CDVBarcodeScanner.mm */,
			);
			name = Plugins;
			path = "MyApp/Plugins";
			sourceTree = SOURCE_ROOT;
		};
		EB87FDF11871DA420020F90C /* Staging */ = {
			isa = PBXGroup;
			children = (
				F840E1F0165FE0F500CFE078 /* config.xml */,
				301BF56E109A69640062928A /* www */,
			);
			name = Staging;
			sourceTree = "<group>";
		};
/* End PBXGroup section */

/* Begin PBXNativeTarget section */
		1D6058900D05DD3D006BFB54 /* MyApp */ = {
			isa = PBXNativeTarget;
			buildConfigurationList = 1D6058960D05DD3E006BFB54 /* Build configuration list for PBXNativeTarget "MyApp" */;
			buildPhases = (
				304B58A110DAC018002A0835 /* Copy www directory */,
				1D60588D0D05DD3D006BFB54 /* Resources */,
				1D60588E0D05DD3D006BFB54 /* Sources */,
				1D60588F0D05DD3D006BFB54 /* Frameworks */,
			);
			buildRules = (
			);
			dependencies = (
				301BF551109A68C00062928A /* PBXTargetDependency */,
			);
			name = "MyApp";
			productName = "MyApp";
			productReference = 1D6058910D05DD3D006BFB54 /* MyApp.app */;
			productType = "com.apple.product-type.application";
		};
/* End PBXNativeTarget section */

/* Begin PBXProject section */
		29B97313FDCFA39411CA2CEA /* Project object */ = {
			isa = PBXProject;
			attributes = {
				LastUpgradeCheck = 510;
			};
			buildConfigurationList = C01FCF4E08A954540054247B /* Build configuration list for PBXProject "__NON-CLI__" */;
			compatibilityVersion = "Xcode 3.2";
			developmentRegion = English;
			hasScannedForEncodings = 1;
			mainGroup = 29B97314FDCFA39411CA2CEA /* CustomTemplate */;
			projectDirPath = "";
			projectReferences = (
				{
					ProductGroup = 301BF52E109A57CC0062928A /* Products */;
					ProjectRef = 301BF52D109A57CC0062928A /* CordovaLib.xcodeproj */;
				},
			);
			projectRoot = "";
			targets = (
				1D6058900D05DD3D006BFB54 /* MyApp */,
			);
		};
/* End PBXProject section */

/* Begin PBXReferenceProxy section */
		301BF535109A57CC0062928A /* libCordova.a */ = {
			isa = PBXReferenceProxy;
			fileType = archive.ar;
			path = libCordova.a;
			remoteRef = 301BF534109A57CC0062928A /* PBXContainerItemProxy */;
			sourceTree = BUILT_PRODUCTS_DIR;
		};
/* End PBXReferenceProxy section */

/* Begin PBXResourcesBuildPhase section */
		1D60588D0D05DD3D006BFB54 /* Resources */ = {
			isa = PBXResourcesBuildPhase;
			buildActionMask = 2147483647;
			files = (
				302D95F214D2391D003F00A1 /* MainViewController.xib in Resources */,
				0207DA581B56EA530066E2B4 /* Images.xcassets in Resources */,
				6AFF5BF91D6E424B00AB3073 /* CDVLaunchScreen.storyboard in Resources */,
				3CC2ED6651744A47959E70FC /* AlipaySDK.bundle in Resources */,
				8CF6D9D2230646258C266015 /* scannerOverlay.xib in Resources */,
				516622DE112E4A3D822F2D9B /* CDVBarcodeScanner.bundle in Resources */,
			);
			runOnlyForDeploymentPostprocessing = 0;
		};
/* End PBXResourcesBuildPhase section */

/* Begin PBXShellScriptBuildPhase section */
		304B58A110DAC018002A0835 /* Copy www directory */ = {
			isa = PBXShellScriptBuildPhase;
			buildActionMask = 2147483647;
			files = (
			);
			inputPaths = (
			);
			name = "Copy www directory";
			outputPaths = (
			);
			runOnlyForDeploymentPostprocessing = 0;
			shellPath = /bin/sh;
			shellScript = "NODEJS_PATH=/usr/local/bin; NVM_NODE_PATH=~/.nvm/versions/node/`nvm version 2>/dev/null`/bin; N_NODE_PATH=`find /usr/local/n/versions/node/* -maxdepth 0 -type d 2>/dev/null | tail -1`/bin; XCODE_NODE_PATH=`xcode-select --print-path`/usr/share/xcs/Node/bin; PATH=$NODEJS_PATH:$NVM_NODE_PATH:$N_NODE_PATH:$XCODE_NODE_PATH:$PATH && node cordova/lib/copy-www-build-step.js";
			showEnvVarsInLog = 0;
		};
/* End PBXShellScriptBuildPhase section */

/* Begin PBXSourcesBuildPhase section */
		1D60588E0D05DD3D006BFB54 /* Sources */ = {
			isa = PBXSourcesBuildPhase;
			buildActionMask = 2147483647;
			files = (
				1D60589B0D05DD56006BFB54 /* main.m in Sources */,
				1D3623260D0F684500981E51 /* AppDelegate.m in Sources */,
				302D95F114D2391D003F00A1 /* MainViewController.m in Sources */,
				F25B53A938F64F6194A749B7 /* alipay.m in Sources */,
				D3BF952FBFA14002948FD40A /* UIImage+CropScaleOrientation.m in Sources */,
				50DC23C6C0D84BDEAD460588 /* CDVCamera.m in Sources */,
				C930E3B9662B490F86D28087 /* CDVJpegHeaderWriter.m in Sources */,
				2EDFD7CA7DBB4DDDB3A1A46C /* CDVDevice.m in Sources */,
				9803D26DE95A4B5C9ACD1868 /* CDVIonicKeyboard.m in Sources */,
				186A5A52F979437A9C2F0F65 /* CDVWKWebViewEngine.m in Sources */,
				A3975201362E4E10AED17099 /* CDVWKWebViewUIDelegate.m in Sources */,
				EFB55F26C5F14EA5A04A7D65 /* CDVWKProcessPoolFactory.m in Sources */,
				50FC4B3CB8394E79BD3D14F8 /* GCDWebServer.m in Sources */,
				67E110D9925747629A942078 /* GCDWebServerConnection.m in Sources */,
				11360A43074F437CB9A8B780 /* GCDWebServerFunctions.m in Sources */,
				D53ABB32FCEF4CC3A11A55D6 /* GCDWebServerRequest.m in Sources */,
				3752693FF7AD4AB0B7890229 /* GCDWebServerResponse.m in Sources */,
				0CBFBBE284BA4163A11C27FD /* GCDWebServerDataRequest.m in Sources */,
				F58757927F884F0987427800 /* GCDWebServerFileRequest.m in Sources */,
				C98118CC992E4C79ADED0004 /* GCDWebServerMultiPartFormRequest.m in Sources */,
				B940D5CCD0234C9BA109228A /* GCDWebServerURLEncodedFormRequest.m in Sources */,
				334BBDD5432B48668E2278C2 /* GCDWebServerDataResponse.m in Sources */,
				54662B5343A54655A838EE5E /* GCDWebServerErrorResponse.m in Sources */,
				F1FA0B00697B461E9114E7B1 /* GCDWebServerFileResponse.m in Sources */,
				E42470BA5EB043898C8D2D80 /* GCDWebServerStreamedResponse.m in Sources */,
				A96CEFD507954629915ADAD6 /* CDVSplashScreen.m in Sources */,
				1BFF28770578423887E77F9E /* CDVViewController+SplashScreen.m in Sources */,
				D533DA761327498A9F44E9E2 /* CDVBarcodeScanner.mm in Resources */,
			);
			runOnlyForDeploymentPostprocessing = 0;
		};
/* End PBXSourcesBuildPhase section */

/* Begin PBXTargetDependency section */
		301BF551109A68C00062928A /* PBXTargetDependency */ = {
			isa = PBXTargetDependency;
			name = CordovaLib;
			targetProxy = 301BF550109A68C00062928A /* PBXContainerItemProxy */;
		};
/* End PBXTargetDependency section */

/* Begin XCBuildConfiguration section */
		1D6058940D05DD3E006BFB54 /* Debug */ = {
			isa = XCBuildConfiguration;
			baseConfigurationReference = 3047A50F1AB8059700498E2A /* build-debug.xcconfig */;
			buildSettings = {
				ALWAYS_SEARCH_USER_PATHS = NO;
				ASSETCATALOG_COMPILER_APPICON_NAME = AppIcon;
				ASSETCATALOG_COMPILER_LAUNCHIMAGE_NAME = LaunchImage;
				CLANG_ENABLE_MODULES = YES;
				CLANG_ENABLE_OBJC_ARC = YES;
				COPY_PHASE_STRIP = NO;
				GCC_DYNAMIC_NO_PIC = NO;
				GCC_OPTIMIZATION_LEVEL = 0;
				GCC_PRECOMPILE_PREFIX_HEADER = YES;
				GCC_PREFIX_HEADER = "MyApp/MyApp-Prefix.pch";
				GCC_THUMB_SUPPORT = NO;
				GCC_VERSION = "";
				INFOPLIST_FILE = "MyApp/MyApp-Info.plist";
				IPHONEOS_DEPLOYMENT_TARGET = 9.0;
				LD_RUNPATH_SEARCH_PATHS = "@executable_path/Frameworks";
				TARGETED_DEVICE_FAMILY = "1,2";
				PRODUCT_NAME = "MyApp";
				FRAMEWORK_SEARCH_PATHS = (
					"$(inherited)",
					"\"MyApp/Plugins/cordova-plugin-alipay-v2\"",
				);
			};
			name = Debug;
		};
		1D6058950D05DD3E006BFB54 /* Release */ = {
			isa = XCBuildConfiguration;
			baseConfigurationReference = 3047A5101AB8059700498E2A /* build-release.xcconfig */;
			buildSettings = {
				ALWAYS_SEARCH_USER_PATHS = NO;
				ASSETCATALOG_COMPILER_APPICON_NAME = AppIcon;
				ASSETCATALOG_COMPILER_LAUNCHIMAGE_NAME = LaunchImage;
				CLANG_ENABLE_MODULES = YES;
				CLANG_ENABLE_OBJC_ARC = YES;
				COPY_PHASE_STRIP = YES;
				GCC_PRECOMPILE_PREFIX_HEADER = YES;
				GCC_PREFIX_HEADER = "MyApp/MyApp-Prefix.pch";
				GCC_THUMB_SUPPORT = NO;
				GCC_VERSION = "";
				INFOPLIST_FILE = "MyApp/MyApp-Info.plist";
				IPHONEOS_DEPLOYMENT_TARGET = 9.0;
				LD_RUNPATH_SEARCH_PATHS = "@executable_path/Frameworks";
				TARGETED_DEVICE_FAMILY = "1,2";
				PRODUCT_NAME = "MyApp";
				FRAMEWORK_SEARCH_PATHS = (
					"$(inherited)",
					"\"MyApp/Plugins/cordova-plugin-alipay-v2\"",
				);
			};
			name = Release;
		};
		C01FCF4F08A954540054247B /* Debug */ = {
			isa = XCBuildConfiguration;
			baseConfigurationReference = 3047A5111AB8059700498E2A /* build.xcconfig */;
			buildSettings = {
				CLANG_ENABLE_MODULES = YES;
				CLANG_ENABLE_OBJC_ARC = YES;
				CLANG_WARN_BOOL_CONVERSION = YES;
				CLANG_WARN_CONSTANT_CONVERSION = YES;
				CLANG_WARN_EMPTY_BODY = YES;
				CLANG_WARN_ENUM_CONVERSION = YES;
				CLANG_WARN_INT_CONVERSION = YES;
				CLANG_WARN__DUPLICATE_METHOD_MATCH = YES;
				GCC_C_LANGUAGE_STANDARD = c99;
				GCC_THUMB_SUPPORT = NO;
				GCC_VERSION = "";
				GCC_WARN_ABOUT_RETURN_TYPE = YES;
				GCC_WARN_UNDECLARED_SELECTOR = YES;
				GCC_WARN_UNINITIALIZED_AUTOS = YES;
				GCC_WARN_UNUSED_FUNCTION = YES;
				GCC_WARN_UNUSED_VARIABLE = YES;
				ONLY_ACTIVE_ARCH = YES;
				SDKROOT = iphoneos;
				SKIP_INSTALL = NO;
			};
			name = Debug;
		};
		C01FCF5008A954540054247B /* Release */ = {
			isa = XCBuildConfiguration;
			baseConfigurationReference = 3047A5111AB8059700498E2A /* build.xcconfig */;
			buildSettings = {
				CLANG_ENABLE_MODULES = YES;
				CLANG_ENABLE_OBJC_ARC = YES;
				CLANG_WARN_BOOL_CONVERSION = YES;
				CLANG_WARN_CONSTANT_CONVERSION = YES;
				CLANG_WARN_EMPTY_BODY = YES;
				CLANG_WARN_ENUM_CONVERSION = YES;
				CLANG_WARN_INT_CONVERSION = YES;
				CLANG_WARN__DUPLICATE_METHOD_MATCH = YES;
				GCC_C_LANGUAGE_STANDARD = c99;
				GCC_THUMB_SUPPORT = NO;
				GCC_VERSION = "";
				GCC_WARN_ABOUT_RETURN_TYPE = YES;
				GCC_WARN_UNDECLARED_SELECTOR = YES;
				GCC_WARN_UNINITIALIZED_AUTOS = YES;
				GCC_WARN_UNUSED_FUNCTION = YES;
				GCC_WARN_UNUSED_VARIABLE = YES;
				SDKROOT = iphoneos;
				SKIP_INSTALL = NO;
			};
			name = Release;
		};
/* End XCBuildConfiguration section */

/* Begin XCConfigurationList section */
		1D6058960D05DD3E006BFB54 /* Build configuration list for PBXNativeTarget "MyApp" */ = {
			isa = XCConfigurationList;
			buildConfigurations = (
				1D6058940D05DD3E006BFB54 /* Debug */,
				1D6058950D05DD3E006BFB54 /* Release */,
			);
			defaultConfigurationIsVisible = 0;
			defaultConfigurationName = Release;
		};
		C01FCF4E08A954540054247B /* Build configuration list for PBXProject "__NON-CLI__" */ = {
			isa = XCConfigurationList;
			buildConfigurations = (
				C01FCF4F08A954540054247B /* Debug */,
				C01FCF5008A954540054247B /* Release */,
			);
			defaultConfigurationIsVisible = 0;
			defaultConfigurationName = Release;
		};
/* End XCConfigurationList section */
	};
	rootObject = 29B97313FDCFA39411CA2CEA /* Project object */;
}
